// !$*UTF8*$!
{
	archiveVersion = 1;
	classes = {
	};
	objectVersion = 46;
	objects = {

/* Begin PBXBuildFile section */
		5D0B704E1A8D44CF008AF923 /* OAuthSignInView.m in Sources */ = {isa = PBXBuildFile; fileRef = 5D0B704D1A8D44CF008AF923 /* OAuthSignInView.m */; };
		5D0EDAB41A830196007DE68D /* SideMenuViewController.m in Sources */ = {isa = PBXBuildFile; fileRef = 5D0EDAB31A830196007DE68D /* SideMenuViewController.m */; };
		5D0EDAB61A830290007DE68D /* MenuItems.plist in Resources */ = {isa = PBXBuildFile; fileRef = 5D0EDAB51A830290007DE68D /* MenuItems.plist */; };
		5D0F177E1A86A1FC00AAE285 /* SocialSharingActionController.m in Sources */ = {isa = PBXBuildFile; fileRef = 5D0F177D1A86A1FC00AAE285 /* SocialSharingActionController.m */; };
		5D1754D41AA86F7E003A66D1 /* NotificationViewController.m in Sources */ = {isa = PBXBuildFile; fileRef = 5D1754D31AA86F7E003A66D1 /* NotificationViewController.m */; };
		5D1754DA1AA8714F003A66D1 /* NotificationTableView.m in Sources */ = {isa = PBXBuildFile; fileRef = 5D1754D91AA8714F003A66D1 /* NotificationTableView.m */; };
		5D1754DE1AA87C94003A66D1 /* DetailNavigationBar.m in Sources */ = {isa = PBXBuildFile; fileRef = 5D1754DD1AA87C94003A66D1 /* DetailNavigationBar.m */; };
		5D27CB631A91945E006958F3 /* MenuItemList.plist in Resources */ = {isa = PBXBuildFile; fileRef = 5D27CB621A91945E006958F3 /* MenuItemList.plist */; };
		5D27CB6C1A91A247006958F3 /* MenuContainer.m in Sources */ = {isa = PBXBuildFile; fileRef = 5D27CB6B1A91A247006958F3 /* MenuContainer.m */; };
		5D27CB6F1A91A248006958F3 /* MenuItem.m in Sources */ = {isa = PBXBuildFile; fileRef = 5D27CB6E1A91A248006958F3 /* MenuItem.m */; };
		5D27CB721A91A248006958F3 /* MenuHeader.m in Sources */ = {isa = PBXBuildFile; fileRef = 5D27CB711A91A248006958F3 /* MenuHeader.m */; };
		5D27CB751A91B65B006958F3 /* CenterShareView.m in Sources */ = {isa = PBXBuildFile; fileRef = 5D27CB741A91B65B006958F3 /* CenterShareView.m */; };
		5D62FD651A8AF1230022671F /* CoreData.framework in Frameworks */ = {isa = PBXBuildFile; fileRef = 5D62FD641A8AF1230022671F /* CoreData.framework */; };
		5D62FD681A8AF1680022671F /* DataModel.xcdatamodeld in Sources */ = {isa = PBXBuildFile; fileRef = 5D62FD661A8AF1680022671F /* DataModel.xcdatamodeld */; };
		5D6C98561A8C5D8000EB408E /* SocialContainer.m in Sources */ = {isa = PBXBuildFile; fileRef = 5D6C98551A8C5D8000EB408E /* SocialContainer.m */; };
		5D6C98591A8C5D8000EB408E /* Button.m in Sources */ = {isa = PBXBuildFile; fileRef = 5D6C98581A8C5D8000EB408E /* Button.m */; };
		5D6C985C1A8C5D8000EB408E /* ProjectVariable.m in Sources */ = {isa = PBXBuildFile; fileRef = 5D6C985B1A8C5D8000EB408E /* ProjectVariable.m */; };
		5D6C985F1A8C636500EB408E /* SocialItem.m in Sources */ = {isa = PBXBuildFile; fileRef = 5D6C985E1A8C636500EB408E /* SocialItem.m */; };
		5D6C98631A8D01AE00EB408E /* Themer.plist in Resources */ = {isa = PBXBuildFile; fileRef = 5D6C98621A8D01AE00EB408E /* Themer.plist */; };
		5D6C98661A8D059700EB408E /* ThemeContainer.m in Sources */ = {isa = PBXBuildFile; fileRef = 5D6C98651A8D059700EB408E /* ThemeContainer.m */; };
		5D6C98691A8D059700EB408E /* ThemeItem.m in Sources */ = {isa = PBXBuildFile; fileRef = 5D6C98681A8D059700EB408E /* ThemeItem.m */; };
		5D7F6B3E1A898EC600A207CD /* Pinterest.framework in Frameworks */ = {isa = PBXBuildFile; fileRef = 5D7F6B3B1A898EC600A207CD /* Pinterest.framework */; };
		5D7F6B3F1A898EC600A207CD /* PinterestSDKResources.bundle in Resources */ = {isa = PBXBuildFile; fileRef = 5D7F6B3D1A898EC600A207CD /* PinterestSDKResources.bundle */; };
		5D7F6B5C1A8A893800A207CD /* TwitterKit.framework in Frameworks */ = {isa = PBXBuildFile; fileRef = 5D7F6B591A8A893800A207CD /* TwitterKit.framework */; };
		5D7F6B5D1A8A893800A207CD /* TwitterKitResources.bundle in Resources */ = {isa = PBXBuildFile; fileRef = 5D7F6B5A1A8A893800A207CD /* TwitterKitResources.bundle */; };
		5D7F6B5E1A8A893800A207CD /* Fabric.framework in Frameworks */ = {isa = PBXBuildFile; fileRef = 5D7F6B5B1A8A893800A207CD /* Fabric.framework */; };
		5D80527D1A83315C0076A6E8 /* UIColor+UIColor_Expanded.m in Sources */ = {isa = PBXBuildFile; fileRef = 5D80527C1A83315C0076A6E8 /* UIColor+UIColor_Expanded.m */; };
		5D8052801A8331FD0076A6E8 /* SideMenuTableViewCell.m in Sources */ = {isa = PBXBuildFile; fileRef = 5D80527F1A8331FD0076A6E8 /* SideMenuTableViewCell.m */; };
		5D86005C1A87C45A00AA8971 /* SocialSharePopoverView.m in Sources */ = {isa = PBXBuildFile; fileRef = 5D86005B1A87C45A00AA8971 /* SocialSharePopoverView.m */; };
		5D9C594B1AA8CFF400E73EF3 /* NotificationTableViewCell.m in Sources */ = {isa = PBXBuildFile; fileRef = 5D9C594A1AA8CFF400E73EF3 /* NotificationTableViewCell.m */; };
		5D9C594E1AA8D06F00E73EF3 /* BATableViewCell.m in Sources */ = {isa = PBXBuildFile; fileRef = 5D9C594D1AA8D06F00E73EF3 /* BATableViewCell.m */; };
		5D9C59571AA8E6E100E73EF3 /* NotificationWebView.m in Sources */ = {isa = PBXBuildFile; fileRef = 5D9C59561AA8E6E100E73EF3 /* NotificationWebView.m */; };
		5D9F58A51A8DCBA400A53BB7 /* OAuthWebView.m in Sources */ = {isa = PBXBuildFile; fileRef = 5D9F58A41A8DCBA400A53BB7 /* OAuthWebView.m */; };
		5D9F59DB1A8E781D00A53BB7 /* README in Resources */ = {isa = PBXBuildFile; fileRef = 5D9F59401A8E781C00A53BB7 /* README */; };
		5D9F5A061A8E781D00A53BB7 /* GooglePlus.framework in Frameworks */ = {isa = PBXBuildFile; fileRef = 5D9F599E1A8E781C00A53BB7 /* GooglePlus.framework */; };
		5D9F5A071A8E781D00A53BB7 /* GooglePlus.bundle in Resources */ = {isa = PBXBuildFile; fileRef = 5D9F599F1A8E781C00A53BB7 /* GooglePlus.bundle */; };
		5D9F5A081A8E781D00A53BB7 /* GoogleOpenSource.framework in Frameworks */ = {isa = PBXBuildFile; fileRef = 5D9F59A01A8E781C00A53BB7 /* GoogleOpenSource.framework */; };
		5D9F5A0D1A8E783C00A53BB7 /* AddressBook.framework in Frameworks */ = {isa = PBXBuildFile; fileRef = 5D9F5A0C1A8E783C00A53BB7 /* AddressBook.framework */; };
		5D9F5A0F1A8E784400A53BB7 /* AssetsLibrary.framework in Frameworks */ = {isa = PBXBuildFile; fileRef = 5D9F5A0E1A8E784400A53BB7 /* AssetsLibrary.framework */; };
		5D9F5A111A8E784F00A53BB7 /* Foundation.framework in Frameworks */ = {isa = PBXBuildFile; fileRef = 5D9F5A101A8E784F00A53BB7 /* Foundation.framework */; };
		5D9F5A131A8E785500A53BB7 /* CoreLocation.framework in Frameworks */ = {isa = PBXBuildFile; fileRef = 5D9F5A121A8E785500A53BB7 /* CoreLocation.framework */; };
		5D9F5A151A8E785D00A53BB7 /* CoreMotion.framework in Frameworks */ = {isa = PBXBuildFile; fileRef = 5D9F5A141A8E785D00A53BB7 /* CoreMotion.framework */; };
		5D9F5A171A8E786400A53BB7 /* CoreGraphics.framework in Frameworks */ = {isa = PBXBuildFile; fileRef = 5D9F5A161A8E786400A53BB7 /* CoreGraphics.framework */; };
		5D9F5A191A8E786A00A53BB7 /* CoreText.framework in Frameworks */ = {isa = PBXBuildFile; fileRef = 5D9F5A181A8E786A00A53BB7 /* CoreText.framework */; };
		5D9F5A1B1A8E787100A53BB7 /* MediaPlayer.framework in Frameworks */ = {isa = PBXBuildFile; fileRef = 5D9F5A1A1A8E787100A53BB7 /* MediaPlayer.framework */; };
		5D9F5A1D1A8E788400A53BB7 /* SystemConfiguration.framework in Frameworks */ = {isa = PBXBuildFile; fileRef = 5D9F5A1C1A8E788400A53BB7 /* SystemConfiguration.framework */; };
		5D9F5A1F1A8E788C00A53BB7 /* UIKit.framework in Frameworks */ = {isa = PBXBuildFile; fileRef = 5D9F5A1E1A8E788C00A53BB7 /* UIKit.framework */; };
		5DA4B98D1A7F3B2D0016476C /* ExternalWebModalViewController.m in Sources */ = {isa = PBXBuildFile; fileRef = 5DA4B98C1A7F3B2D0016476C /* ExternalWebModalViewController.m */; };
		5DA64CD51A847A7A004F08A8 /* HeaderView.xib in Resources */ = {isa = PBXBuildFile; fileRef = 5DA64CD41A847A7A004F08A8 /* HeaderView.xib */; };
		5DAB92251A92C82E006D3D4F /* SocialShareMethods.m in Sources */ = {isa = PBXBuildFile; fileRef = 5DAB92241A92C82E006D3D4F /* SocialShareMethods.m */; };
		5DADA6A21AAB56D0005E4F2C /* NotificationWebViewHeader.m in Sources */ = {isa = PBXBuildFile; fileRef = 5DADA6A11AAB56D0005E4F2C /* NotificationWebViewHeader.m */; };
		5DADA6A51AAB6607005E4F2C /* BAView.m in Sources */ = {isa = PBXBuildFile; fileRef = 5DADA6A41AAB6607005E4F2C /* BAView.m */; };
		5DADA6A91AACDE76005E4F2C /* BASocialShareViewController.m in Sources */ = {isa = PBXBuildFile; fileRef = 5DADA6A81AACDE76005E4F2C /* BASocialShareViewController.m */; };
		5DADA6AB1AACEB1A005E4F2C /* Main.storyboard in Resources */ = {isa = PBXBuildFile; fileRef = 5DADA6AA1AACEB1A005E4F2C /* Main.storyboard */; };
		5DADA6AF1AACFE0C005E4F2C /* NotificationView.m in Sources */ = {isa = PBXBuildFile; fileRef = 5DADA6AE1AACFE0C005E4F2C /* NotificationView.m */; };
		5DB59E701AA7B4F900567D59 /* Notification.m in Sources */ = {isa = PBXBuildFile; fileRef = 5DB59E6F1AA7B4F900567D59 /* Notification.m */; };
		5DBD74F61AA2646900713D4D /* PushRequestViewController.m in Sources */ = {isa = PBXBuildFile; fileRef = 5DBD74F51AA2646900713D4D /* PushRequestViewController.m */; };
		5DBD75031AA26F0400713D4D /* UIView+Additions.m in Sources */ = {isa = PBXBuildFile; fileRef = 5DBD75021AA26F0400713D4D /* UIView+Additions.m */; };
		5DC2F5511A85A91A00ED1969 /* SideMenuTableView.m in Sources */ = {isa = PBXBuildFile; fileRef = 5DC2F5501A85A91A00ED1969 /* SideMenuTableView.m */; };
		5DC2F5541A85AECD00ED1969 /* DDViewController.m in Sources */ = {isa = PBXBuildFile; fileRef = 5DC2F5531A85AECD00ED1969 /* DDViewController.m */; };
		5DC2F5561A85B49300ED1969 /* Theme.plist in Resources */ = {isa = PBXBuildFile; fileRef = 5DC2F5551A85B49300ED1969 /* Theme.plist */; };
		5DC2F55B1A85BBEF00ED1969 /* SideMenuTableHeaderView.m in Sources */ = {isa = PBXBuildFile; fileRef = 5DC2F55A1A85BBEF00ED1969 /* SideMenuTableHeaderView.m */; };
		5DC2F55E1A85BF8000ED1969 /* SideMenuHeaderImageView.m in Sources */ = {isa = PBXBuildFile; fileRef = 5DC2F55D1A85BF8000ED1969 /* SideMenuHeaderImageView.m */; };
		5DC696291A8D8D5D00A5D3AB /* Security.framework in Frameworks */ = {isa = PBXBuildFile; fileRef = 5DC696281A8D8D5D00A5D3AB /* Security.framework */; };
		5DDA1B1F1A7F383C00914761 /* main.m in Sources */ = {isa = PBXBuildFile; fileRef = 5DDA1B1E1A7F383C00914761 /* main.m */; };
		5DDA1B221A7F383C00914761 /* AppDelegate.m in Sources */ = {isa = PBXBuildFile; fileRef = 5DDA1B211A7F383C00914761 /* AppDelegate.m */; };
		5DDA1B251A7F383C00914761 /* CenterViewController.m in Sources */ = {isa = PBXBuildFile; fileRef = 5DDA1B241A7F383C00914761 /* CenterViewController.m */; };
		5DDA1B2A1A7F383C00914761 /* Images.xcassets in Resources */ = {isa = PBXBuildFile; fileRef = 5DDA1B291A7F383C00914761 /* Images.xcassets */; };
		5DDA1B2D1A7F383C00914761 /* LaunchScreen.xib in Resources */ = {isa = PBXBuildFile; fileRef = 5DDA1B2B1A7F383C00914761 /* LaunchScreen.xib */; };
		5DDA1B391A7F383C00914761 /* DailyDollTests.m in Sources */ = {isa = PBXBuildFile; fileRef = 5DDA1B381A7F383C00914761 /* DailyDollTests.m */; };
		5DDA3D981A85CA8A00FD085A /* SideMenuTableSectionHeader.m in Sources */ = {isa = PBXBuildFile; fileRef = 5DDA3D971A85CA8A00FD085A /* SideMenuTableSectionHeader.m */; };
		5DDA3D9B1A85CC0500FD085A /* SideMenuTableSectionLabel.m in Sources */ = {isa = PBXBuildFile; fileRef = 5DDA3D9A1A85CC0500FD085A /* SideMenuTableSectionLabel.m */; };
		5DDA3DA51A85D39500FD085A /* ProjectSettings.m in Sources */ = {isa = PBXBuildFile; fileRef = 5DDA3DA41A85D39500FD085A /* ProjectSettings.m */; };
		5DDA3DAC1A85E67700FD085A /* ProjectVariables.plist in Resources */ = {isa = PBXBuildFile; fileRef = 5DDA3DAB1A85E67700FD085A /* ProjectVariables.plist */; };
		5DDA3DAF1A85EE4900FD085A /* CenterVCActivityIndicator.m in Sources */ = {isa = PBXBuildFile; fileRef = 5DDA3DAE1A85EE4900FD085A /* CenterVCActivityIndicator.m */; };
		5DDA3DB11A85F27F00FD085A /* webViewJS.js in Resources */ = {isa = PBXBuildFile; fileRef = 5DDA3DB01A85F27F00FD085A /* webViewJS.js */; };
		5DDA3DB51A85F4F700FD085A /* BlurActivityOverlay.m in Sources */ = {isa = PBXBuildFile; fileRef = 5DDA3DB41A85F4F700FD085A /* BlurActivityOverlay.m */; };
		5DDA3DB81A85FDFE00FD085A /* CenterVCTitleLabel.m in Sources */ = {isa = PBXBuildFile; fileRef = 5DDA3DB71A85FDFE00FD085A /* CenterVCTitleLabel.m */; };
		5DDA3DBC1A86053200FD085A /* post.js in Resources */ = {isa = PBXBuildFile; fileRef = 5DDA3DBB1A86053200FD085A /* post.js */; };
		5DDA3DC31A86714400FD085A /* ShareViewController.m in Sources */ = {isa = PBXBuildFile; fileRef = 5DDA3DC21A86714400FD085A /* ShareViewController.m */; };
		5DDA3DC61A86777800FD085A /* ShareView.m in Sources */ = {isa = PBXBuildFile; fileRef = 5DDA3DC51A86777800FD085A /* ShareView.m */; };
		5DDA3DC91A867F7E00FD085A /* ShareTableView.m in Sources */ = {isa = PBXBuildFile; fileRef = 5DDA3DC81A867F7E00FD085A /* ShareTableView.m */; };
		5DDA3DCC1A8681EF00FD085A /* ProjectSettingsKeys.m in Sources */ = {isa = PBXBuildFile; fileRef = 5DDA3DCB1A8681EF00FD085A /* ProjectSettingsKeys.m */; };
		5DDA3DCF1A8685A200FD085A /* ShareTableViewCell.m in Sources */ = {isa = PBXBuildFile; fileRef = 5DDA3DCE1A8685A200FD085A /* ShareTableViewCell.m */; };
		5DDE241F1AA40968001CE1AD /* DetailViewController.m in Sources */ = {isa = PBXBuildFile; fileRef = 5DDE241E1AA40968001CE1AD /* DetailViewController.m */; };
		5DF7A6441A955FFC009BA5EE /* GreatVibes-Regular.otf in Resources */ = {isa = PBXBuildFile; fileRef = 5DF7A6431A955FFC009BA5EE /* GreatVibes-Regular.otf */; };
		5DF7A6461A95650E009BA5EE /* LibreBaskerville-Bold.otf in Resources */ = {isa = PBXBuildFile; fileRef = 5DF7A6451A95650E009BA5EE /* LibreBaskerville-Bold.otf */; };
		5DFD4B8B1A96FE5D002A2D19 /* LillyBelle_2.ttf in Resources */ = {isa = PBXBuildFile; fileRef = 5DFD4B8A1A96FE5D002A2D19 /* LillyBelle_2.ttf */; };
		5DFD4B8D1A970003002A2D19 /* SourceSansPro-Regular.otf in Resources */ = {isa = PBXBuildFile; fileRef = 5DFD4B8C1A970003002A2D19 /* SourceSansPro-Regular.otf */; };
		5DFD4BA21A97FD9D002A2D19 /* AccessoryPage.m in Sources */ = {isa = PBXBuildFile; fileRef = 5DFD4BA11A97FD9D002A2D19 /* AccessoryPage.m */; };
		5DFD4BA51A97FD9E002A2D19 /* MetaData.m in Sources */ = {isa = PBXBuildFile; fileRef = 5DFD4BA41A97FD9E002A2D19 /* MetaData.m */; };
		5DFD4BA81A980705002A2D19 /* AccessoryPagesView.m in Sources */ = {isa = PBXBuildFile; fileRef = 5DFD4BA71A980705002A2D19 /* AccessoryPagesView.m */; };
		BDF89CC8C066F8FFE29F7BC1 /* libPods-DailyDoll.a in Frameworks */ = {isa = PBXBuildFile; fileRef = 579988490B7E0E905A16D25A /* libPods-DailyDoll.a */; };
/* End PBXBuildFile section */

/* Begin PBXContainerItemProxy section */
		5DDA1B331A7F383C00914761 /* PBXContainerItemProxy */ = {
			isa = PBXContainerItemProxy;
			containerPortal = 5DDA1B111A7F383C00914761 /* Project object */;
			proxyType = 1;
			remoteGlobalIDString = 5DDA1B181A7F383C00914761;
			remoteInfo = DailyDoll;
		};
/* End PBXContainerItemProxy section */

/* Begin PBXFileReference section */
		579988490B7E0E905A16D25A /* libPods-DailyDoll.a */ = {isa = PBXFileReference; explicitFileType = archive.ar; includeInIndex = 0; path = "libPods-DailyDoll.a"; sourceTree = BUILT_PRODUCTS_DIR; };
		5D0B704C1A8D44CF008AF923 /* OAuthSignInView.h */ = {isa = PBXFileReference; fileEncoding = 4; lastKnownFileType = sourcecode.c.h; path = OAuthSignInView.h; sourceTree = "<group>"; };
		5D0B704D1A8D44CF008AF923 /* OAuthSignInView.m */ = {isa = PBXFileReference; fileEncoding = 4; lastKnownFileType = sourcecode.c.objc; path = OAuthSignInView.m; sourceTree = "<group>"; };
		5D0EDAB21A830196007DE68D /* SideMenuViewController.h */ = {isa = PBXFileReference; fileEncoding = 4; lastKnownFileType = sourcecode.c.h; path = SideMenuViewController.h; sourceTree = "<group>"; };
		5D0EDAB31A830196007DE68D /* SideMenuViewController.m */ = {isa = PBXFileReference; fileEncoding = 4; lastKnownFileType = sourcecode.c.objc; path = SideMenuViewController.m; sourceTree = "<group>"; };
		5D0EDAB51A830290007DE68D /* MenuItems.plist */ = {isa = PBXFileReference; fileEncoding = 4; lastKnownFileType = text.plist.xml; path = MenuItems.plist; sourceTree = "<group>"; };
		5D0F177C1A86A1FC00AAE285 /* SocialSharingActionController.h */ = {isa = PBXFileReference; fileEncoding = 4; lastKnownFileType = sourcecode.c.h; path = SocialSharingActionController.h; sourceTree = "<group>"; };
		5D0F177D1A86A1FC00AAE285 /* SocialSharingActionController.m */ = {isa = PBXFileReference; fileEncoding = 4; lastKnownFileType = sourcecode.c.objc; path = SocialSharingActionController.m; sourceTree = "<group>"; };
		5D1754D21AA86F7E003A66D1 /* NotificationViewController.h */ = {isa = PBXFileReference; fileEncoding = 4; lastKnownFileType = sourcecode.c.h; path = NotificationViewController.h; sourceTree = "<group>"; };
		5D1754D31AA86F7E003A66D1 /* NotificationViewController.m */ = {isa = PBXFileReference; fileEncoding = 4; lastKnownFileType = sourcecode.c.objc; path = NotificationViewController.m; sourceTree = "<group>"; };
		5D1754D81AA8714F003A66D1 /* NotificationTableView.h */ = {isa = PBXFileReference; fileEncoding = 4; lastKnownFileType = sourcecode.c.h; path = NotificationTableView.h; sourceTree = "<group>"; };
		5D1754D91AA8714F003A66D1 /* NotificationTableView.m */ = {isa = PBXFileReference; fileEncoding = 4; lastKnownFileType = sourcecode.c.objc; path = NotificationTableView.m; sourceTree = "<group>"; };
		5D1754DC1AA87C94003A66D1 /* DetailNavigationBar.h */ = {isa = PBXFileReference; fileEncoding = 4; lastKnownFileType = sourcecode.c.h; path = DetailNavigationBar.h; sourceTree = "<group>"; };
		5D1754DD1AA87C94003A66D1 /* DetailNavigationBar.m */ = {isa = PBXFileReference; fileEncoding = 4; lastKnownFileType = sourcecode.c.objc; path = DetailNavigationBar.m; sourceTree = "<group>"; };
		5D27CB621A91945E006958F3 /* MenuItemList.plist */ = {isa = PBXFileReference; fileEncoding = 4; lastKnownFileType = text.plist.xml; path = MenuItemList.plist; sourceTree = "<group>"; };
		5D27CB6A1A91A247006958F3 /* MenuContainer.h */ = {isa = PBXFileReference; fileEncoding = 4; lastKnownFileType = sourcecode.c.h; path = MenuContainer.h; sourceTree = "<group>"; };
		5D27CB6B1A91A247006958F3 /* MenuContainer.m */ = {isa = PBXFileReference; fileEncoding = 4; lastKnownFileType = sourcecode.c.objc; path = MenuContainer.m; sourceTree = "<group>"; };
		5D27CB6D1A91A248006958F3 /* MenuItem.h */ = {isa = PBXFileReference; fileEncoding = 4; lastKnownFileType = sourcecode.c.h; path = MenuItem.h; sourceTree = "<group>"; };
		5D27CB6E1A91A248006958F3 /* MenuItem.m */ = {isa = PBXFileReference; fileEncoding = 4; lastKnownFileType = sourcecode.c.objc; path = MenuItem.m; sourceTree = "<group>"; };
		5D27CB701A91A248006958F3 /* MenuHeader.h */ = {isa = PBXFileReference; fileEncoding = 4; lastKnownFileType = sourcecode.c.h; path = MenuHeader.h; sourceTree = "<group>"; };
		5D27CB711A91A248006958F3 /* MenuHeader.m */ = {isa = PBXFileReference; fileEncoding = 4; lastKnownFileType = sourcecode.c.objc; path = MenuHeader.m; sourceTree = "<group>"; };
		5D27CB731A91B65B006958F3 /* CenterShareView.h */ = {isa = PBXFileReference; fileEncoding = 4; lastKnownFileType = sourcecode.c.h; path = CenterShareView.h; sourceTree = "<group>"; };
		5D27CB741A91B65B006958F3 /* CenterShareView.m */ = {isa = PBXFileReference; fileEncoding = 4; lastKnownFileType = sourcecode.c.objc; path = CenterShareView.m; sourceTree = "<group>"; };
		5D62FD641A8AF1230022671F /* CoreData.framework */ = {isa = PBXFileReference; lastKnownFileType = wrapper.framework; name = CoreData.framework; path = System/Library/Frameworks/CoreData.framework; sourceTree = SDKROOT; };
		5D62FD671A8AF1680022671F /* DataModel.xcdatamodel */ = {isa = PBXFileReference; lastKnownFileType = wrapper.xcdatamodel; path = DataModel.xcdatamodel; sourceTree = "<group>"; };
		5D6C98541A8C5D8000EB408E /* SocialContainer.h */ = {isa = PBXFileReference; fileEncoding = 4; lastKnownFileType = sourcecode.c.h; path = SocialContainer.h; sourceTree = "<group>"; };
		5D6C98551A8C5D8000EB408E /* SocialContainer.m */ = {isa = PBXFileReference; fileEncoding = 4; lastKnownFileType = sourcecode.c.objc; path = SocialContainer.m; sourceTree = "<group>"; };
		5D6C98571A8C5D8000EB408E /* Button.h */ = {isa = PBXFileReference; fileEncoding = 4; lastKnownFileType = sourcecode.c.h; path = Button.h; sourceTree = "<group>"; };
		5D6C98581A8C5D8000EB408E /* Button.m */ = {isa = PBXFileReference; fileEncoding = 4; lastKnownFileType = sourcecode.c.objc; path = Button.m; sourceTree = "<group>"; };
		5D6C985A1A8C5D8000EB408E /* ProjectVariable.h */ = {isa = PBXFileReference; fileEncoding = 4; lastKnownFileType = sourcecode.c.h; path = ProjectVariable.h; sourceTree = "<group>"; };
		5D6C985B1A8C5D8000EB408E /* ProjectVariable.m */ = {isa = PBXFileReference; fileEncoding = 4; lastKnownFileType = sourcecode.c.objc; path = ProjectVariable.m; sourceTree = "<group>"; };
		5D6C985D1A8C636500EB408E /* SocialItem.h */ = {isa = PBXFileReference; fileEncoding = 4; lastKnownFileType = sourcecode.c.h; path = SocialItem.h; sourceTree = "<group>"; };
		5D6C985E1A8C636500EB408E /* SocialItem.m */ = {isa = PBXFileReference; fileEncoding = 4; lastKnownFileType = sourcecode.c.objc; path = SocialItem.m; sourceTree = "<group>"; };
		5D6C98621A8D01AE00EB408E /* Themer.plist */ = {isa = PBXFileReference; fileEncoding = 4; lastKnownFileType = text.plist.xml; path = Themer.plist; sourceTree = "<group>"; };
		5D6C98641A8D059700EB408E /* ThemeContainer.h */ = {isa = PBXFileReference; fileEncoding = 4; lastKnownFileType = sourcecode.c.h; path = ThemeContainer.h; sourceTree = "<group>"; };
		5D6C98651A8D059700EB408E /* ThemeContainer.m */ = {isa = PBXFileReference; fileEncoding = 4; lastKnownFileType = sourcecode.c.objc; path = ThemeContainer.m; sourceTree = "<group>"; };
		5D6C98671A8D059700EB408E /* ThemeItem.h */ = {isa = PBXFileReference; fileEncoding = 4; lastKnownFileType = sourcecode.c.h; path = ThemeItem.h; sourceTree = "<group>"; };
		5D6C98681A8D059700EB408E /* ThemeItem.m */ = {isa = PBXFileReference; fileEncoding = 4; lastKnownFileType = sourcecode.c.objc; path = ThemeItem.m; sourceTree = "<group>"; };
		5D7F6B3B1A898EC600A207CD /* Pinterest.framework */ = {isa = PBXFileReference; lastKnownFileType = wrapper.framework; path = Pinterest.framework; sourceTree = "<group>"; };
		5D7F6B3D1A898EC600A207CD /* PinterestSDKResources.bundle */ = {isa = PBXFileReference; lastKnownFileType = "wrapper.plug-in"; path = PinterestSDKResources.bundle; sourceTree = "<group>"; };
		5D7F6B591A8A893800A207CD /* TwitterKit.framework */ = {isa = PBXFileReference; lastKnownFileType = wrapper.framework; name = TwitterKit.framework; path = ../TwitterKit.framework; sourceTree = "<group>"; };
		5D7F6B5A1A8A893800A207CD /* TwitterKitResources.bundle */ = {isa = PBXFileReference; lastKnownFileType = "wrapper.plug-in"; name = TwitterKitResources.bundle; path = ../TwitterKit.framework/Versions/A/Resources/TwitterKitResources.bundle; sourceTree = "<group>"; };
		5D7F6B5B1A8A893800A207CD /* Fabric.framework */ = {isa = PBXFileReference; lastKnownFileType = wrapper.framework; name = Fabric.framework; path = ../Fabric.framework; sourceTree = "<group>"; };
		5D80527B1A83315C0076A6E8 /* UIColor+UIColor_Expanded.h */ = {isa = PBXFileReference; fileEncoding = 4; lastKnownFileType = sourcecode.c.h; path = "UIColor+UIColor_Expanded.h"; sourceTree = "<group>"; };
		5D80527C1A83315C0076A6E8 /* UIColor+UIColor_Expanded.m */ = {isa = PBXFileReference; fileEncoding = 4; lastKnownFileType = sourcecode.c.objc; path = "UIColor+UIColor_Expanded.m"; sourceTree = "<group>"; };
		5D80527E1A8331FD0076A6E8 /* SideMenuTableViewCell.h */ = {isa = PBXFileReference; fileEncoding = 4; lastKnownFileType = sourcecode.c.h; path = SideMenuTableViewCell.h; sourceTree = "<group>"; };
		5D80527F1A8331FD0076A6E8 /* SideMenuTableViewCell.m */ = {isa = PBXFileReference; fileEncoding = 4; lastKnownFileType = sourcecode.c.objc; path = SideMenuTableViewCell.m; sourceTree = "<group>"; };
		5D86005A1A87C45A00AA8971 /* SocialSharePopoverView.h */ = {isa = PBXFileReference; fileEncoding = 4; lastKnownFileType = sourcecode.c.h; path = SocialSharePopoverView.h; sourceTree = "<group>"; };
		5D86005B1A87C45A00AA8971 /* SocialSharePopoverView.m */ = {isa = PBXFileReference; fileEncoding = 4; lastKnownFileType = sourcecode.c.objc; path = SocialSharePopoverView.m; sourceTree = "<group>"; };
		5D9C59491AA8CFF400E73EF3 /* NotificationTableViewCell.h */ = {isa = PBXFileReference; fileEncoding = 4; lastKnownFileType = sourcecode.c.h; path = NotificationTableViewCell.h; sourceTree = "<group>"; };
		5D9C594A1AA8CFF400E73EF3 /* NotificationTableViewCell.m */ = {isa = PBXFileReference; fileEncoding = 4; lastKnownFileType = sourcecode.c.objc; path = NotificationTableViewCell.m; sourceTree = "<group>"; };
		5D9C594C1AA8D06F00E73EF3 /* BATableViewCell.h */ = {isa = PBXFileReference; fileEncoding = 4; lastKnownFileType = sourcecode.c.h; path = BATableViewCell.h; sourceTree = "<group>"; };
		5D9C594D1AA8D06F00E73EF3 /* BATableViewCell.m */ = {isa = PBXFileReference; fileEncoding = 4; lastKnownFileType = sourcecode.c.objc; path = BATableViewCell.m; sourceTree = "<group>"; };
		5D9C59551AA8E6E100E73EF3 /* NotificationWebView.h */ = {isa = PBXFileReference; fileEncoding = 4; lastKnownFileType = sourcecode.c.h; path = NotificationWebView.h; sourceTree = "<group>"; };
		5D9C59561AA8E6E100E73EF3 /* NotificationWebView.m */ = {isa = PBXFileReference; fileEncoding = 4; lastKnownFileType = sourcecode.c.objc; path = NotificationWebView.m; sourceTree = "<group>"; };
		5D9F58A31A8DCBA400A53BB7 /* OAuthWebView.h */ = {isa = PBXFileReference; fileEncoding = 4; lastKnownFileType = sourcecode.c.h; path = OAuthWebView.h; sourceTree = "<group>"; };
		5D9F58A41A8DCBA400A53BB7 /* OAuthWebView.m */ = {isa = PBXFileReference; fileEncoding = 4; lastKnownFileType = sourcecode.c.objc; path = OAuthWebView.m; sourceTree = "<group>"; };
		5D9F59401A8E781C00A53BB7 /* README */ = {isa = PBXFileReference; fileEncoding = 4; lastKnownFileType = text; path = README; sourceTree = "<group>"; };
		5D9F599E1A8E781C00A53BB7 /* GooglePlus.framework */ = {isa = PBXFileReference; lastKnownFileType = wrapper.framework; path = GooglePlus.framework; sourceTree = "<group>"; };
		5D9F599F1A8E781C00A53BB7 /* GooglePlus.bundle */ = {isa = PBXFileReference; lastKnownFileType = "wrapper.plug-in"; path = GooglePlus.bundle; sourceTree = "<group>"; };
		5D9F59A01A8E781C00A53BB7 /* GoogleOpenSource.framework */ = {isa = PBXFileReference; lastKnownFileType = wrapper.framework; path = GoogleOpenSource.framework; sourceTree = "<group>"; };
		5D9F5A0C1A8E783C00A53BB7 /* AddressBook.framework */ = {isa = PBXFileReference; lastKnownFileType = wrapper.framework; name = AddressBook.framework; path = System/Library/Frameworks/AddressBook.framework; sourceTree = SDKROOT; };
		5D9F5A0E1A8E784400A53BB7 /* AssetsLibrary.framework */ = {isa = PBXFileReference; lastKnownFileType = wrapper.framework; name = AssetsLibrary.framework; path = System/Library/Frameworks/AssetsLibrary.framework; sourceTree = SDKROOT; };
		5D9F5A101A8E784F00A53BB7 /* Foundation.framework */ = {isa = PBXFileReference; lastKnownFileType = wrapper.framework; name = Foundation.framework; path = System/Library/Frameworks/Foundation.framework; sourceTree = SDKROOT; };
		5D9F5A121A8E785500A53BB7 /* CoreLocation.framework */ = {isa = PBXFileReference; lastKnownFileType = wrapper.framework; name = CoreLocation.framework; path = System/Library/Frameworks/CoreLocation.framework; sourceTree = SDKROOT; };
		5D9F5A141A8E785D00A53BB7 /* CoreMotion.framework */ = {isa = PBXFileReference; lastKnownFileType = wrapper.framework; name = CoreMotion.framework; path = System/Library/Frameworks/CoreMotion.framework; sourceTree = SDKROOT; };
		5D9F5A161A8E786400A53BB7 /* CoreGraphics.framework */ = {isa = PBXFileReference; lastKnownFileType = wrapper.framework; name = CoreGraphics.framework; path = System/Library/Frameworks/CoreGraphics.framework; sourceTree = SDKROOT; };
		5D9F5A181A8E786A00A53BB7 /* CoreText.framework */ = {isa = PBXFileReference; lastKnownFileType = wrapper.framework; name = CoreText.framework; path = System/Library/Frameworks/CoreText.framework; sourceTree = SDKROOT; };
		5D9F5A1A1A8E787100A53BB7 /* MediaPlayer.framework */ = {isa = PBXFileReference; lastKnownFileType = wrapper.framework; name = MediaPlayer.framework; path = System/Library/Frameworks/MediaPlayer.framework; sourceTree = SDKROOT; };
		5D9F5A1C1A8E788400A53BB7 /* SystemConfiguration.framework */ = {isa = PBXFileReference; lastKnownFileType = wrapper.framework; name = SystemConfiguration.framework; path = System/Library/Frameworks/SystemConfiguration.framework; sourceTree = SDKROOT; };
		5D9F5A1E1A8E788C00A53BB7 /* UIKit.framework */ = {isa = PBXFileReference; lastKnownFileType = wrapper.framework; name = UIKit.framework; path = System/Library/Frameworks/UIKit.framework; sourceTree = SDKROOT; };
		5DA4B98B1A7F3B2D0016476C /* ExternalWebModalViewController.h */ = {isa = PBXFileReference; fileEncoding = 4; lastKnownFileType = sourcecode.c.h; path = ExternalWebModalViewController.h; sourceTree = "<group>"; };
		5DA4B98C1A7F3B2D0016476C /* ExternalWebModalViewController.m */ = {isa = PBXFileReference; fileEncoding = 4; lastKnownFileType = sourcecode.c.objc; path = ExternalWebModalViewController.m; sourceTree = "<group>"; };
		5DA64CD41A847A7A004F08A8 /* HeaderView.xib */ = {isa = PBXFileReference; fileEncoding = 4; lastKnownFileType = file.xib; path = HeaderView.xib; sourceTree = "<group>"; };
		5DAB92231A92C82E006D3D4F /* SocialShareMethods.h */ = {isa = PBXFileReference; fileEncoding = 4; lastKnownFileType = sourcecode.c.h; path = SocialShareMethods.h; sourceTree = "<group>"; };
		5DAB92241A92C82E006D3D4F /* SocialShareMethods.m */ = {isa = PBXFileReference; fileEncoding = 4; lastKnownFileType = sourcecode.c.objc; path = SocialShareMethods.m; sourceTree = "<group>"; };
		5DADA6A01AAB56D0005E4F2C /* NotificationWebViewHeader.h */ = {isa = PBXFileReference; fileEncoding = 4; lastKnownFileType = sourcecode.c.h; path = NotificationWebViewHeader.h; sourceTree = "<group>"; };
		5DADA6A11AAB56D0005E4F2C /* NotificationWebViewHeader.m */ = {isa = PBXFileReference; fileEncoding = 4; lastKnownFileType = sourcecode.c.objc; path = NotificationWebViewHeader.m; sourceTree = "<group>"; };
		5DADA6A31AAB6607005E4F2C /* BAView.h */ = {isa = PBXFileReference; fileEncoding = 4; lastKnownFileType = sourcecode.c.h; path = BAView.h; sourceTree = "<group>"; };
		5DADA6A41AAB6607005E4F2C /* BAView.m */ = {isa = PBXFileReference; fileEncoding = 4; lastKnownFileType = sourcecode.c.objc; path = BAView.m; sourceTree = "<group>"; };
		5DADA6A71AACDE76005E4F2C /* BASocialShareViewController.h */ = {isa = PBXFileReference; fileEncoding = 4; lastKnownFileType = sourcecode.c.h; path = BASocialShareViewController.h; sourceTree = "<group>"; };
		5DADA6A81AACDE76005E4F2C /* BASocialShareViewController.m */ = {isa = PBXFileReference; fileEncoding = 4; lastKnownFileType = sourcecode.c.objc; path = BASocialShareViewController.m; sourceTree = "<group>"; };
		5DADA6AA1AACEB1A005E4F2C /* Main.storyboard */ = {isa = PBXFileReference; fileEncoding = 4; lastKnownFileType = file.storyboard; path = Main.storyboard; sourceTree = "<group>"; };
		5DADA6AD1AACFE0C005E4F2C /* NotificationView.h */ = {isa = PBXFileReference; fileEncoding = 4; lastKnownFileType = sourcecode.c.h; path = NotificationView.h; sourceTree = "<group>"; };
		5DADA6AE1AACFE0C005E4F2C /* NotificationView.m */ = {isa = PBXFileReference; fileEncoding = 4; lastKnownFileType = sourcecode.c.objc; path = NotificationView.m; sourceTree = "<group>"; };
		5DB59E6E1AA7B4F900567D59 /* Notification.h */ = {isa = PBXFileReference; fileEncoding = 4; lastKnownFileType = sourcecode.c.h; path = Notification.h; sourceTree = "<group>"; };
		5DB59E6F1AA7B4F900567D59 /* Notification.m */ = {isa = PBXFileReference; fileEncoding = 4; lastKnownFileType = sourcecode.c.objc; path = Notification.m; sourceTree = "<group>"; };
		5DBD74F41AA2646900713D4D /* PushRequestViewController.h */ = {isa = PBXFileReference; fileEncoding = 4; lastKnownFileType = sourcecode.c.h; path = PushRequestViewController.h; sourceTree = "<group>"; };
		5DBD74F51AA2646900713D4D /* PushRequestViewController.m */ = {isa = PBXFileReference; fileEncoding = 4; lastKnownFileType = sourcecode.c.objc; path = PushRequestViewController.m; sourceTree = "<group>"; };
		5DBD75011AA26F0400713D4D /* UIView+Additions.h */ = {isa = PBXFileReference; fileEncoding = 4; lastKnownFileType = sourcecode.c.h; path = "UIView+Additions.h"; sourceTree = "<group>"; };
		5DBD75021AA26F0400713D4D /* UIView+Additions.m */ = {isa = PBXFileReference; fileEncoding = 4; lastKnownFileType = sourcecode.c.objc; path = "UIView+Additions.m"; sourceTree = "<group>"; };
		5DC2F54F1A85A91A00ED1969 /* SideMenuTableView.h */ = {isa = PBXFileReference; fileEncoding = 4; lastKnownFileType = sourcecode.c.h; path = SideMenuTableView.h; sourceTree = "<group>"; };
		5DC2F5501A85A91A00ED1969 /* SideMenuTableView.m */ = {isa = PBXFileReference; fileEncoding = 4; lastKnownFileType = sourcecode.c.objc; path = SideMenuTableView.m; sourceTree = "<group>"; };
		5DC2F5521A85AECD00ED1969 /* DDViewController.h */ = {isa = PBXFileReference; fileEncoding = 4; lastKnownFileType = sourcecode.c.h; path = DDViewController.h; sourceTree = "<group>"; };
		5DC2F5531A85AECD00ED1969 /* DDViewController.m */ = {isa = PBXFileReference; fileEncoding = 4; lastKnownFileType = sourcecode.c.objc; path = DDViewController.m; sourceTree = "<group>"; };
		5DC2F5551A85B49300ED1969 /* Theme.plist */ = {isa = PBXFileReference; fileEncoding = 4; lastKnownFileType = text.plist.xml; path = Theme.plist; sourceTree = "<group>"; };
		5DC2F5591A85BBEF00ED1969 /* SideMenuTableHeaderView.h */ = {isa = PBXFileReference; fileEncoding = 4; lastKnownFileType = sourcecode.c.h; path = SideMenuTableHeaderView.h; sourceTree = "<group>"; };
		5DC2F55A1A85BBEF00ED1969 /* SideMenuTableHeaderView.m */ = {isa = PBXFileReference; fileEncoding = 4; lastKnownFileType = sourcecode.c.objc; path = SideMenuTableHeaderView.m; sourceTree = "<group>"; };
		5DC2F55C1A85BF8000ED1969 /* SideMenuHeaderImageView.h */ = {isa = PBXFileReference; fileEncoding = 4; lastKnownFileType = sourcecode.c.h; path = SideMenuHeaderImageView.h; sourceTree = "<group>"; };
		5DC2F55D1A85BF8000ED1969 /* SideMenuHeaderImageView.m */ = {isa = PBXFileReference; fileEncoding = 4; lastKnownFileType = sourcecode.c.objc; path = SideMenuHeaderImageView.m; sourceTree = "<group>"; };
		5DC696281A8D8D5D00A5D3AB /* Security.framework */ = {isa = PBXFileReference; lastKnownFileType = wrapper.framework; name = Security.framework; path = System/Library/Frameworks/Security.framework; sourceTree = SDKROOT; };
		5DDA1B191A7F383C00914761 /* DailyDoll.app */ = {isa = PBXFileReference; explicitFileType = wrapper.application; includeInIndex = 0; path = DailyDoll.app; sourceTree = BUILT_PRODUCTS_DIR; };
		5DDA1B1D1A7F383C00914761 /* Info.plist */ = {isa = PBXFileReference; lastKnownFileType = text.plist.xml; path = Info.plist; sourceTree = "<group>"; };
		5DDA1B1E1A7F383C00914761 /* main.m */ = {isa = PBXFileReference; lastKnownFileType = sourcecode.c.objc; path = main.m; sourceTree = "<group>"; };
		5DDA1B201A7F383C00914761 /* AppDelegate.h */ = {isa = PBXFileReference; lastKnownFileType = sourcecode.c.h; path = AppDelegate.h; sourceTree = "<group>"; };
		5DDA1B211A7F383C00914761 /* AppDelegate.m */ = {isa = PBXFileReference; lastKnownFileType = sourcecode.c.objc; path = AppDelegate.m; sourceTree = "<group>"; };
		5DDA1B231A7F383C00914761 /* CenterViewController.h */ = {isa = PBXFileReference; lastKnownFileType = sourcecode.c.h; path = CenterViewController.h; sourceTree = "<group>"; };
		5DDA1B241A7F383C00914761 /* CenterViewController.m */ = {isa = PBXFileReference; lastKnownFileType = sourcecode.c.objc; path = CenterViewController.m; sourceTree = "<group>"; };
		5DDA1B291A7F383C00914761 /* Images.xcassets */ = {isa = PBXFileReference; lastKnownFileType = folder.assetcatalog; path = Images.xcassets; sourceTree = "<group>"; };
		5DDA1B2C1A7F383C00914761 /* Base */ = {isa = PBXFileReference; lastKnownFileType = file.xib; name = Base; path = Base.lproj/LaunchScreen.xib; sourceTree = "<group>"; };
		5DDA1B321A7F383C00914761 /* DailyDollTests.xctest */ = {isa = PBXFileReference; explicitFileType = wrapper.cfbundle; includeInIndex = 0; path = DailyDollTests.xctest; sourceTree = BUILT_PRODUCTS_DIR; };
		5DDA1B371A7F383C00914761 /* Info.plist */ = {isa = PBXFileReference; lastKnownFileType = text.plist.xml; path = Info.plist; sourceTree = "<group>"; };
		5DDA1B381A7F383C00914761 /* DailyDollTests.m */ = {isa = PBXFileReference; lastKnownFileType = sourcecode.c.objc; path = DailyDollTests.m; sourceTree = "<group>"; };
		5DDA3D961A85CA8A00FD085A /* SideMenuTableSectionHeader.h */ = {isa = PBXFileReference; fileEncoding = 4; lastKnownFileType = sourcecode.c.h; path = SideMenuTableSectionHeader.h; sourceTree = "<group>"; };
		5DDA3D971A85CA8A00FD085A /* SideMenuTableSectionHeader.m */ = {isa = PBXFileReference; fileEncoding = 4; lastKnownFileType = sourcecode.c.objc; path = SideMenuTableSectionHeader.m; sourceTree = "<group>"; };
		5DDA3D991A85CC0500FD085A /* SideMenuTableSectionLabel.h */ = {isa = PBXFileReference; fileEncoding = 4; lastKnownFileType = sourcecode.c.h; path = SideMenuTableSectionLabel.h; sourceTree = "<group>"; };
		5DDA3D9A1A85CC0500FD085A /* SideMenuTableSectionLabel.m */ = {isa = PBXFileReference; fileEncoding = 4; lastKnownFileType = sourcecode.c.objc; path = SideMenuTableSectionLabel.m; sourceTree = "<group>"; };
		5DDA3DA31A85D39500FD085A /* ProjectSettings.h */ = {isa = PBXFileReference; fileEncoding = 4; lastKnownFileType = sourcecode.c.h; path = ProjectSettings.h; sourceTree = "<group>"; };
		5DDA3DA41A85D39500FD085A /* ProjectSettings.m */ = {isa = PBXFileReference; fileEncoding = 4; lastKnownFileType = sourcecode.c.objc; path = ProjectSettings.m; sourceTree = "<group>"; };
		5DDA3DAB1A85E67700FD085A /* ProjectVariables.plist */ = {isa = PBXFileReference; fileEncoding = 4; lastKnownFileType = text.plist.xml; path = ProjectVariables.plist; sourceTree = "<group>"; };
		5DDA3DAD1A85EE4900FD085A /* CenterVCActivityIndicator.h */ = {isa = PBXFileReference; fileEncoding = 4; lastKnownFileType = sourcecode.c.h; path = CenterVCActivityIndicator.h; sourceTree = "<group>"; };
		5DDA3DAE1A85EE4900FD085A /* CenterVCActivityIndicator.m */ = {isa = PBXFileReference; fileEncoding = 4; lastKnownFileType = sourcecode.c.objc; path = CenterVCActivityIndicator.m; sourceTree = "<group>"; };
		5DDA3DB01A85F27F00FD085A /* webViewJS.js */ = {isa = PBXFileReference; fileEncoding = 4; lastKnownFileType = sourcecode.javascript; path = webViewJS.js; sourceTree = "<group>"; };
		5DDA3DB31A85F4F700FD085A /* BlurActivityOverlay.h */ = {isa = PBXFileReference; fileEncoding = 4; lastKnownFileType = sourcecode.c.h; path = BlurActivityOverlay.h; sourceTree = "<group>"; };
		5DDA3DB41A85F4F700FD085A /* BlurActivityOverlay.m */ = {isa = PBXFileReference; fileEncoding = 4; lastKnownFileType = sourcecode.c.objc; path = BlurActivityOverlay.m; sourceTree = "<group>"; };
		5DDA3DB61A85FDFE00FD085A /* CenterVCTitleLabel.h */ = {isa = PBXFileReference; fileEncoding = 4; lastKnownFileType = sourcecode.c.h; path = CenterVCTitleLabel.h; sourceTree = "<group>"; };
		5DDA3DB71A85FDFE00FD085A /* CenterVCTitleLabel.m */ = {isa = PBXFileReference; fileEncoding = 4; lastKnownFileType = sourcecode.c.objc; path = CenterVCTitleLabel.m; sourceTree = "<group>"; };
		5DDA3DBB1A86053200FD085A /* post.js */ = {isa = PBXFileReference; fileEncoding = 4; lastKnownFileType = sourcecode.javascript; path = post.js; sourceTree = "<group>"; };
		5DDA3DC11A86714400FD085A /* ShareViewController.h */ = {isa = PBXFileReference; fileEncoding = 4; lastKnownFileType = sourcecode.c.h; path = ShareViewController.h; sourceTree = "<group>"; };
		5DDA3DC21A86714400FD085A /* ShareViewController.m */ = {isa = PBXFileReference; fileEncoding = 4; lastKnownFileType = sourcecode.c.objc; path = ShareViewController.m; sourceTree = "<group>"; };
		5DDA3DC41A86777800FD085A /* ShareView.h */ = {isa = PBXFileReference; fileEncoding = 4; lastKnownFileType = sourcecode.c.h; path = ShareView.h; sourceTree = "<group>"; };
		5DDA3DC51A86777800FD085A /* ShareView.m */ = {isa = PBXFileReference; fileEncoding = 4; lastKnownFileType = sourcecode.c.objc; path = ShareView.m; sourceTree = "<group>"; };
		5DDA3DC71A867F7E00FD085A /* ShareTableView.h */ = {isa = PBXFileReference; fileEncoding = 4; lastKnownFileType = sourcecode.c.h; path = ShareTableView.h; sourceTree = "<group>"; };
		5DDA3DC81A867F7E00FD085A /* ShareTableView.m */ = {isa = PBXFileReference; fileEncoding = 4; lastKnownFileType = sourcecode.c.objc; path = ShareTableView.m; sourceTree = "<group>"; };
		5DDA3DCA1A8681EF00FD085A /* ProjectSettingsKeys.h */ = {isa = PBXFileReference; fileEncoding = 4; lastKnownFileType = sourcecode.c.h; path = ProjectSettingsKeys.h; sourceTree = "<group>"; };
		5DDA3DCB1A8681EF00FD085A /* ProjectSettingsKeys.m */ = {isa = PBXFileReference; fileEncoding = 4; lastKnownFileType = sourcecode.c.objc; path = ProjectSettingsKeys.m; sourceTree = "<group>"; };
		5DDA3DCD1A8685A200FD085A /* ShareTableViewCell.h */ = {isa = PBXFileReference; fileEncoding = 4; lastKnownFileType = sourcecode.c.h; path = ShareTableViewCell.h; sourceTree = "<group>"; };
		5DDA3DCE1A8685A200FD085A /* ShareTableViewCell.m */ = {isa = PBXFileReference; fileEncoding = 4; lastKnownFileType = sourcecode.c.objc; path = ShareTableViewCell.m; sourceTree = "<group>"; };
		5DDE241D1AA40968001CE1AD /* DetailViewController.h */ = {isa = PBXFileReference; fileEncoding = 4; lastKnownFileType = sourcecode.c.h; path = DetailViewController.h; sourceTree = "<group>"; };
		5DDE241E1AA40968001CE1AD /* DetailViewController.m */ = {isa = PBXFileReference; fileEncoding = 4; lastKnownFileType = sourcecode.c.objc; path = DetailViewController.m; sourceTree = "<group>"; };
		5DF7A6431A955FFC009BA5EE /* GreatVibes-Regular.otf */ = {isa = PBXFileReference; lastKnownFileType = file; path = "GreatVibes-Regular.otf"; sourceTree = "<group>"; };
		5DF7A6451A95650E009BA5EE /* LibreBaskerville-Bold.otf */ = {isa = PBXFileReference; lastKnownFileType = file; path = "LibreBaskerville-Bold.otf"; sourceTree = "<group>"; };
		5DFD4B8A1A96FE5D002A2D19 /* LillyBelle_2.ttf */ = {isa = PBXFileReference; lastKnownFileType = file; path = LillyBelle_2.ttf; sourceTree = "<group>"; };
		5DFD4B8C1A970003002A2D19 /* SourceSansPro-Regular.otf */ = {isa = PBXFileReference; lastKnownFileType = file; path = "SourceSansPro-Regular.otf"; sourceTree = "<group>"; };
		5DFD4BA01A97FD9D002A2D19 /* AccessoryPage.h */ = {isa = PBXFileReference; fileEncoding = 4; lastKnownFileType = sourcecode.c.h; path = AccessoryPage.h; sourceTree = "<group>"; };
		5DFD4BA11A97FD9D002A2D19 /* AccessoryPage.m */ = {isa = PBXFileReference; fileEncoding = 4; lastKnownFileType = sourcecode.c.objc; path = AccessoryPage.m; sourceTree = "<group>"; };
		5DFD4BA31A97FD9E002A2D19 /* MetaData.h */ = {isa = PBXFileReference; fileEncoding = 4; lastKnownFileType = sourcecode.c.h; path = MetaData.h; sourceTree = "<group>"; };
		5DFD4BA41A97FD9E002A2D19 /* MetaData.m */ = {isa = PBXFileReference; fileEncoding = 4; lastKnownFileType = sourcecode.c.objc; path = MetaData.m; sourceTree = "<group>"; };
		5DFD4BA61A980705002A2D19 /* AccessoryPagesView.h */ = {isa = PBXFileReference; fileEncoding = 4; lastKnownFileType = sourcecode.c.h; path = AccessoryPagesView.h; sourceTree = "<group>"; };
		5DFD4BA71A980705002A2D19 /* AccessoryPagesView.m */ = {isa = PBXFileReference; fileEncoding = 4; lastKnownFileType = sourcecode.c.objc; path = AccessoryPagesView.m; sourceTree = "<group>"; };
		680B8C91B0508131C24B223C /* Pods-DailyDoll.debug.xcconfig */ = {isa = PBXFileReference; includeInIndex = 1; lastKnownFileType = text.xcconfig; name = "Pods-DailyDoll.debug.xcconfig"; path = "Pods/Target Support Files/Pods-DailyDoll/Pods-DailyDoll.debug.xcconfig"; sourceTree = "<group>"; };
		AA7FAADA7B793178F851DF47 /* Pods-DailyDoll.release.xcconfig */ = {isa = PBXFileReference; includeInIndex = 1; lastKnownFileType = text.xcconfig; name = "Pods-DailyDoll.release.xcconfig"; path = "Pods/Target Support Files/Pods-DailyDoll/Pods-DailyDoll.release.xcconfig"; sourceTree = "<group>"; };
/* End PBXFileReference section */

/* Begin PBXFrameworksBuildPhase section */
		5DDA1B161A7F383C00914761 /* Frameworks */ = {
			isa = PBXFrameworksBuildPhase;
			buildActionMask = 2147483647;
			files = (
				5D9F5A1F1A8E788C00A53BB7 /* UIKit.framework in Frameworks */,
				5D9F5A1D1A8E788400A53BB7 /* SystemConfiguration.framework in Frameworks */,
				5D9F5A1B1A8E787100A53BB7 /* MediaPlayer.framework in Frameworks */,
				5D9F5A191A8E786A00A53BB7 /* CoreText.framework in Frameworks */,
				5D9F5A171A8E786400A53BB7 /* CoreGraphics.framework in Frameworks */,
				5D9F5A151A8E785D00A53BB7 /* CoreMotion.framework in Frameworks */,
				5D9F5A131A8E785500A53BB7 /* CoreLocation.framework in Frameworks */,
				5D9F5A111A8E784F00A53BB7 /* Foundation.framework in Frameworks */,
				5D9F5A0F1A8E784400A53BB7 /* AssetsLibrary.framework in Frameworks */,
				5D9F5A0D1A8E783C00A53BB7 /* AddressBook.framework in Frameworks */,
				5DC696291A8D8D5D00A5D3AB /* Security.framework in Frameworks */,
				5D62FD651A8AF1230022671F /* CoreData.framework in Frameworks */,
				5D9F5A061A8E781D00A53BB7 /* GooglePlus.framework in Frameworks */,
				BDF89CC8C066F8FFE29F7BC1 /* libPods-DailyDoll.a in Frameworks */,
				5D7F6B3E1A898EC600A207CD /* Pinterest.framework in Frameworks */,
				5D7F6B5C1A8A893800A207CD /* TwitterKit.framework in Frameworks */,
				5D9F5A081A8E781D00A53BB7 /* GoogleOpenSource.framework in Frameworks */,
				5D7F6B5E1A8A893800A207CD /* Fabric.framework in Frameworks */,
			);
			runOnlyForDeploymentPostprocessing = 0;
		};
		5DDA1B2F1A7F383C00914761 /* Frameworks */ = {
			isa = PBXFrameworksBuildPhase;
			buildActionMask = 2147483647;
			files = (
			);
			runOnlyForDeploymentPostprocessing = 0;
		};
/* End PBXFrameworksBuildPhase section */

/* Begin PBXGroup section */
		0DA83D6F48BB2DF1721401E3 /* Frameworks */ = {
			isa = PBXGroup;
			children = (
				5D9F5A1E1A8E788C00A53BB7 /* UIKit.framework */,
				5D9F5A1C1A8E788400A53BB7 /* SystemConfiguration.framework */,
				5D9F5A1A1A8E787100A53BB7 /* MediaPlayer.framework */,
				5D9F5A181A8E786A00A53BB7 /* CoreText.framework */,
				5D9F5A161A8E786400A53BB7 /* CoreGraphics.framework */,
				5D9F5A141A8E785D00A53BB7 /* CoreMotion.framework */,
				5D9F5A121A8E785500A53BB7 /* CoreLocation.framework */,
				5D9F5A101A8E784F00A53BB7 /* Foundation.framework */,
				5D9F5A0E1A8E784400A53BB7 /* AssetsLibrary.framework */,
				5D9F5A0C1A8E783C00A53BB7 /* AddressBook.framework */,
				5DC696281A8D8D5D00A5D3AB /* Security.framework */,
				5D62FD641A8AF1230022671F /* CoreData.framework */,
				579988490B7E0E905A16D25A /* libPods-DailyDoll.a */,
			);
			name = Frameworks;
			sourceTree = "<group>";
		};
		1CB981F61540B1C0AAAF2459 /* Pods */ = {
			isa = PBXGroup;
			children = (
				680B8C91B0508131C24B223C /* Pods-DailyDoll.debug.xcconfig */,
				AA7FAADA7B793178F851DF47 /* Pods-DailyDoll.release.xcconfig */,
			);
			name = Pods;
			sourceTree = "<group>";
		};
		5D1754D11AA86F5B003A66D1 /* NotificationVC */ = {
			isa = PBXGroup;
			children = (
				5D1754D21AA86F7E003A66D1 /* NotificationViewController.h */,
				5D1754D31AA86F7E003A66D1 /* NotificationViewController.m */,
				5D1754D81AA8714F003A66D1 /* NotificationTableView.h */,
				5D1754D91AA8714F003A66D1 /* NotificationTableView.m */,
				5D9C59491AA8CFF400E73EF3 /* NotificationTableViewCell.h */,
				5D9C594A1AA8CFF400E73EF3 /* NotificationTableViewCell.m */,
				5D9C59551AA8E6E100E73EF3 /* NotificationWebView.h */,
				5D9C59561AA8E6E100E73EF3 /* NotificationWebView.m */,
				5DADA6A01AAB56D0005E4F2C /* NotificationWebViewHeader.h */,
				5DADA6A11AAB56D0005E4F2C /* NotificationWebViewHeader.m */,
				5DADA6AD1AACFE0C005E4F2C /* NotificationView.h */,
				5DADA6AE1AACFE0C005E4F2C /* NotificationView.m */,
			);
			name = NotificationVC;
			sourceTree = "<group>";
		};
		5D1754DB1AA87C76003A66D1 /* NavigationBarDetail */ = {
			isa = PBXGroup;
			children = (
				5D1754DC1AA87C94003A66D1 /* DetailNavigationBar.h */,
				5D1754DD1AA87C94003A66D1 /* DetailNavigationBar.m */,
			);
			name = NavigationBarDetail;
			sourceTree = "<group>";
		};
		5D1754FD1AA8C482003A66D1 /* AccessoryPage */ = {
			isa = PBXGroup;
			children = (
				5DFD4BA61A980705002A2D19 /* AccessoryPagesView.h */,
				5DFD4BA71A980705002A2D19 /* AccessoryPagesView.m */,
			);
			name = AccessoryPage;
			sourceTree = "<group>";
		};
		5D27CB581A9192FC006958F3 /* MenuItemsModel */ = {
			isa = PBXGroup;
			children = (
				5D27CB701A91A248006958F3 /* MenuHeader.h */,
				5D27CB711A91A248006958F3 /* MenuHeader.m */,
				5D27CB6D1A91A248006958F3 /* MenuItem.h */,
				5D27CB6E1A91A248006958F3 /* MenuItem.m */,
				5D27CB6A1A91A247006958F3 /* MenuContainer.h */,
				5D27CB6B1A91A247006958F3 /* MenuContainer.m */,
			);
			name = MenuItemsModel;
			path = ..;
			sourceTree = "<group>";
		};
		5D617B661A8C18CA009063D0 /* ProjectVariablesModel */ = {
			isa = PBXGroup;
			children = (
				5D6C985A1A8C5D8000EB408E /* ProjectVariable.h */,
				5D6C985B1A8C5D8000EB408E /* ProjectVariable.m */,
				5D6C98571A8C5D8000EB408E /* Button.h */,
				5D6C98581A8C5D8000EB408E /* Button.m */,
				5D6C98541A8C5D8000EB408E /* SocialContainer.h */,
				5D6C98551A8C5D8000EB408E /* SocialContainer.m */,
				5D6C985D1A8C636500EB408E /* SocialItem.h */,
				5D6C985E1A8C636500EB408E /* SocialItem.m */,
				5DFD4BA31A97FD9E002A2D19 /* MetaData.h */,
				5DFD4BA41A97FD9E002A2D19 /* MetaData.m */,
				5DFD4BA01A97FD9D002A2D19 /* AccessoryPage.h */,
				5DFD4BA11A97FD9D002A2D19 /* AccessoryPage.m */,
			);
			name = ProjectVariablesModel;
			path = ..;
			sourceTree = "<group>";
		};
		5D62FD871A8AFAF10022671F /* ThemeModel */ = {
			isa = PBXGroup;
			children = (
				5D6C98671A8D059700EB408E /* ThemeItem.h */,
				5D6C98681A8D059700EB408E /* ThemeItem.m */,
				5D6C98641A8D059700EB408E /* ThemeContainer.h */,
				5D6C98651A8D059700EB408E /* ThemeContainer.m */,
			);
			name = ThemeModel;
			path = ..;
			sourceTree = "<group>";
		};
		5D7F6B3A1A898EC600A207CD /* Pinterest.embeddedframework */ = {
			isa = PBXGroup;
			children = (
				5D7F6B3B1A898EC600A207CD /* Pinterest.framework */,
				5D7F6B3C1A898EC600A207CD /* Resources */,
			);
			name = Pinterest.embeddedframework;
			path = ../Pinterest.embeddedframework;
			sourceTree = "<group>";
		};
		5D7F6B3C1A898EC600A207CD /* Resources */ = {
			isa = PBXGroup;
			children = (
				5D7F6B3D1A898EC600A207CD /* PinterestSDKResources.bundle */,
			);
			path = Resources;
			sourceTree = "<group>";
		};
		5D9F58BC1A8E77BF00A53BB7 /* PInterest */ = {
			isa = PBXGroup;
			children = (
				5D7F6B3A1A898EC600A207CD /* Pinterest.embeddedframework */,
			);
			name = PInterest;
			sourceTree = "<group>";
		};
		5D9F58BD1A8E77C900A53BB7 /* Twitter */ = {
			isa = PBXGroup;
			children = (
				5D7F6B591A8A893800A207CD /* TwitterKit.framework */,
				5D7F6B5A1A8A893800A207CD /* TwitterKitResources.bundle */,
				5D7F6B5B1A8A893800A207CD /* Fabric.framework */,
			);
			name = Twitter;
			sourceTree = "<group>";
		};
		5D9F58BE1A8E77DD00A53BB7 /* GooglePlus */ = {
			isa = PBXGroup;
			children = (
				5D9F59401A8E781C00A53BB7 /* README */,
				5D9F599E1A8E781C00A53BB7 /* GooglePlus.framework */,
				5D9F599F1A8E781C00A53BB7 /* GooglePlus.bundle */,
				5D9F59A01A8E781C00A53BB7 /* GoogleOpenSource.framework */,
			);
			name = GooglePlus;
			sourceTree = "<group>";
		};
		5DADA6A61AACDE5D005E4F2C /* SocialSignInVC */ = {
			isa = PBXGroup;
			children = (
				5DADA6A71AACDE76005E4F2C /* BASocialShareViewController.h */,
				5DADA6A81AACDE76005E4F2C /* BASocialShareViewController.m */,
			);
			name = SocialSignInVC;
			sourceTree = "<group>";
		};
		5DADA6AC1AACF626005E4F2C /* DetailViewController */ = {
			isa = PBXGroup;
			children = (
				5DDE241D1AA40968001CE1AD /* DetailViewController.h */,
				5DDE241E1AA40968001CE1AD /* DetailViewController.m */,
			);
			name = DetailViewController;
			sourceTree = "<group>";
		};
		5DB59E711AA7B51500567D59 /* NotificatoinsModel */ = {
			isa = PBXGroup;
			children = (
				5DB59E6E1AA7B4F900567D59 /* Notification.h */,
				5DB59E6F1AA7B4F900567D59 /* Notification.m */,
			);
			name = NotificatoinsModel;
			sourceTree = "<group>";
		};
		5DB59E721AA7B52D00567D59 /* Models */ = {
			isa = PBXGroup;
			children = (
				5D62FD871A8AFAF10022671F /* ThemeModel */,
				5D27CB581A9192FC006958F3 /* MenuItemsModel */,
				5D617B661A8C18CA009063D0 /* ProjectVariablesModel */,
				5DB59E711AA7B51500567D59 /* NotificatoinsModel */,
			);
			name = Models;
			sourceTree = "<group>";
		};
		5DBD74F31AA2645000713D4D /* Onboarding */ = {
			isa = PBXGroup;
			children = (
				5DBD74F41AA2646900713D4D /* PushRequestViewController.h */,
				5DBD74F51AA2646900713D4D /* PushRequestViewController.m */,
			);
			name = Onboarding;
			sourceTree = "<group>";
		};
		5DBD75001AA26EF800713D4D /* Categories */ = {
			isa = PBXGroup;
			children = (
				5DBD75011AA26F0400713D4D /* UIView+Additions.h */,
				5DBD75021AA26F0400713D4D /* UIView+Additions.m */,
			);
			name = Categories;
			sourceTree = "<group>";
		};
		5DC2F5571A85BB7D00ED1969 /* SideMenu */ = {
			isa = PBXGroup;
			children = (
				5D1754FD1AA8C482003A66D1 /* AccessoryPage */,
				5DDA3DA21A85CF8000FD085A /* Header */,
				5DDA3DA11A85CF6D00FD085A /* Table */,
				5DDA3D9F1A85CF4A00FD085A /* SectionHeader */,
				5D0EDAB21A830196007DE68D /* SideMenuViewController.h */,
				5D0EDAB31A830196007DE68D /* SideMenuViewController.m */,
			);
			name = SideMenu;
			sourceTree = "<group>";
		};
		5DC2F5581A85BB9600ED1969 /* Categories */ = {
			isa = PBXGroup;
			children = (
				5D80527B1A83315C0076A6E8 /* UIColor+UIColor_Expanded.h */,
				5D80527C1A83315C0076A6E8 /* UIColor+UIColor_Expanded.m */,
			);
			name = Categories;
			sourceTree = "<group>";
		};
		5DDA1B101A7F383C00914761 = {
			isa = PBXGroup;
			children = (
				5DDA3DBB1A86053200FD085A /* post.js */,
				5DDA3DB01A85F27F00FD085A /* webViewJS.js */,
				5DDA1B1B1A7F383C00914761 /* DailyDoll */,
				5DDA1B351A7F383C00914761 /* DailyDollTests */,
				5DDA1B1A1A7F383C00914761 /* Products */,
				1CB981F61540B1C0AAAF2459 /* Pods */,
				0DA83D6F48BB2DF1721401E3 /* Frameworks */,
			);
			sourceTree = "<group>";
		};
		5DDA1B1A1A7F383C00914761 /* Products */ = {
			isa = PBXGroup;
			children = (
				5DDA1B191A7F383C00914761 /* DailyDoll.app */,
				5DDA1B321A7F383C00914761 /* DailyDollTests.xctest */,
			);
			name = Products;
			sourceTree = "<group>";
		};
		5DDA1B1B1A7F383C00914761 /* DailyDoll */ = {
			isa = PBXGroup;
			children = (
				5D9C594C1AA8D06F00E73EF3 /* BATableViewCell.h */,
				5D9C594D1AA8D06F00E73EF3 /* BATableViewCell.m */,
				5DADA6A31AAB6607005E4F2C /* BAView.h */,
				5DADA6A41AAB6607005E4F2C /* BAView.m */,
				5D1754DB1AA87C76003A66D1 /* NavigationBarDetail */,
				5DBD75001AA26EF800713D4D /* Categories */,
				5DBD74F31AA2645000713D4D /* Onboarding */,
				5DB59E721AA7B52D00567D59 /* Models */,
				5DDA3DBF1A8670F700FD085A /* AppDelegate */,
				5DC2F5581A85BB9600ED1969 /* Categories */,
				5DDA3DBD1A8670AE00FD085A /* ParentViewControllerClass */,
				5DDA3DBE1A8670C400FD085A /* ProjectSettings */,
				5DDA3DA71A85E34400FD085A /* ExternalWebView */,
				5DDA3DB21A85F4A800FD085A /* MainVC */,
				5DC2F5571A85BB7D00ED1969 /* SideMenu */,
				5D1754D11AA86F5B003A66D1 /* NotificationVC */,
				5DDA3DC01A86711A00FD085A /* ShareVC */,
				5DAB92231A92C82E006D3D4F /* SocialShareMethods.h */,
				5DAB92241A92C82E006D3D4F /* SocialShareMethods.m */,
				5DADA6A61AACDE5D005E4F2C /* SocialSignInVC */,
				5DDA1B1C1A7F383C00914761 /* Supporting Files */,
				5DDA1B291A7F383C00914761 /* Images.xcassets */,
				5D62FD661A8AF1680022671F /* DataModel.xcdatamodeld */,
				5DDA1B2B1A7F383C00914761 /* LaunchScreen.xib */,
				5DA64CD41A847A7A004F08A8 /* HeaderView.xib */,
			);
			path = DailyDoll;
			sourceTree = "<group>";
		};
		5DDA1B1C1A7F383C00914761 /* Supporting Files */ = {
			isa = PBXGroup;
			children = (
				5DADA6AA1AACEB1A005E4F2C /* Main.storyboard */,
				5DF7A6421A955FE8009BA5EE /* Fonts */,
				5D9F58BE1A8E77DD00A53BB7 /* GooglePlus */,
				5D9F58BD1A8E77C900A53BB7 /* Twitter */,
				5D9F58BC1A8E77BF00A53BB7 /* PInterest */,
				5DDA1B1D1A7F383C00914761 /* Info.plist */,
				5DDA1B1E1A7F383C00914761 /* main.m */,
				5D0EDAB51A830290007DE68D /* MenuItems.plist */,
				5DC2F5551A85B49300ED1969 /* Theme.plist */,
				5DDA3DAB1A85E67700FD085A /* ProjectVariables.plist */,
				5D6C98621A8D01AE00EB408E /* Themer.plist */,
				5D27CB621A91945E006958F3 /* MenuItemList.plist */,
			);
			name = "Supporting Files";
			sourceTree = "<group>";
		};
		5DDA1B351A7F383C00914761 /* DailyDollTests */ = {
			isa = PBXGroup;
			children = (
				5DDA1B381A7F383C00914761 /* DailyDollTests.m */,
				5DDA1B361A7F383C00914761 /* Supporting Files */,
			);
			path = DailyDollTests;
			sourceTree = "<group>";
		};
		5DDA1B361A7F383C00914761 /* Supporting Files */ = {
			isa = PBXGroup;
			children = (
				5DDA1B371A7F383C00914761 /* Info.plist */,
			);
			name = "Supporting Files";
			sourceTree = "<group>";
		};
		5DDA3D9F1A85CF4A00FD085A /* SectionHeader */ = {
			isa = PBXGroup;
			children = (
				5DDA3D961A85CA8A00FD085A /* SideMenuTableSectionHeader.h */,
				5DDA3D971A85CA8A00FD085A /* SideMenuTableSectionHeader.m */,
				5DDA3D991A85CC0500FD085A /* SideMenuTableSectionLabel.h */,
				5DDA3D9A1A85CC0500FD085A /* SideMenuTableSectionLabel.m */,
			);
			name = SectionHeader;
			sourceTree = "<group>";
		};
		5DDA3DA01A85CF5800FD085A /* Cells */ = {
			isa = PBXGroup;
			children = (
				5D80527E1A8331FD0076A6E8 /* SideMenuTableViewCell.h */,
				5D80527F1A8331FD0076A6E8 /* SideMenuTableViewCell.m */,
			);
			name = Cells;
			sourceTree = "<group>";
		};
		5DDA3DA11A85CF6D00FD085A /* Table */ = {
			isa = PBXGroup;
			children = (
				5DDA3DA01A85CF5800FD085A /* Cells */,
				5DC2F54F1A85A91A00ED1969 /* SideMenuTableView.h */,
				5DC2F5501A85A91A00ED1969 /* SideMenuTableView.m */,
			);
			name = Table;
			sourceTree = "<group>";
		};
		5DDA3DA21A85CF8000FD085A /* Header */ = {
			isa = PBXGroup;
			children = (
				5DC2F5591A85BBEF00ED1969 /* SideMenuTableHeaderView.h */,
				5DC2F55A1A85BBEF00ED1969 /* SideMenuTableHeaderView.m */,
				5DC2F55C1A85BF8000ED1969 /* SideMenuHeaderImageView.h */,
				5DC2F55D1A85BF8000ED1969 /* SideMenuHeaderImageView.m */,
			);
			name = Header;
			sourceTree = "<group>";
		};
		5DDA3DA71A85E34400FD085A /* ExternalWebView */ = {
			isa = PBXGroup;
			children = (
				5DA4B98B1A7F3B2D0016476C /* ExternalWebModalViewController.h */,
				5DA4B98C1A7F3B2D0016476C /* ExternalWebModalViewController.m */,
			);
			name = ExternalWebView;
			sourceTree = "<group>";
		};
		5DDA3DB21A85F4A800FD085A /* MainVC */ = {
			isa = PBXGroup;
			children = (
				5DADA6AC1AACF626005E4F2C /* DetailViewController */,
				5DDA1B231A7F383C00914761 /* CenterViewController.h */,
				5DDA1B241A7F383C00914761 /* CenterViewController.m */,
				5DDA3DAD1A85EE4900FD085A /* CenterVCActivityIndicator.h */,
				5DDA3DAE1A85EE4900FD085A /* CenterVCActivityIndicator.m */,
				5DDA3DB31A85F4F700FD085A /* BlurActivityOverlay.h */,
				5DDA3DB41A85F4F700FD085A /* BlurActivityOverlay.m */,
				5DDA3DB61A85FDFE00FD085A /* CenterVCTitleLabel.h */,
				5DDA3DB71A85FDFE00FD085A /* CenterVCTitleLabel.m */,
				5D27CB731A91B65B006958F3 /* CenterShareView.h */,
				5D27CB741A91B65B006958F3 /* CenterShareView.m */,
			);
			name = MainVC;
			sourceTree = "<group>";
		};
		5DDA3DBD1A8670AE00FD085A /* ParentViewControllerClass */ = {
			isa = PBXGroup;
			children = (
				5DC2F5521A85AECD00ED1969 /* DDViewController.h */,
				5DC2F5531A85AECD00ED1969 /* DDViewController.m */,
			);
			name = ParentViewControllerClass;
			sourceTree = "<group>";
		};
		5DDA3DBE1A8670C400FD085A /* ProjectSettings */ = {
			isa = PBXGroup;
			children = (
				5DDA3DA31A85D39500FD085A /* ProjectSettings.h */,
				5DDA3DA41A85D39500FD085A /* ProjectSettings.m */,
				5DDA3DCA1A8681EF00FD085A /* ProjectSettingsKeys.h */,
				5DDA3DCB1A8681EF00FD085A /* ProjectSettingsKeys.m */,
			);
			name = ProjectSettings;
			sourceTree = "<group>";
		};
		5DDA3DBF1A8670F700FD085A /* AppDelegate */ = {
			isa = PBXGroup;
			children = (
				5DDA1B201A7F383C00914761 /* AppDelegate.h */,
				5DDA1B211A7F383C00914761 /* AppDelegate.m */,
			);
			name = AppDelegate;
			sourceTree = "<group>";
		};
		5DDA3DC01A86711A00FD085A /* ShareVC */ = {
			isa = PBXGroup;
			children = (
				5DDA3DD01A8685AC00FD085A /* TableView */,
				5DDA3DC11A86714400FD085A /* ShareViewController.h */,
				5DDA3DC21A86714400FD085A /* ShareViewController.m */,
				5DDA3DC41A86777800FD085A /* ShareView.h */,
				5DDA3DC51A86777800FD085A /* ShareView.m */,
				5D0F177C1A86A1FC00AAE285 /* SocialSharingActionController.h */,
				5D0F177D1A86A1FC00AAE285 /* SocialSharingActionController.m */,
				5D86005A1A87C45A00AA8971 /* SocialSharePopoverView.h */,
				5D86005B1A87C45A00AA8971 /* SocialSharePopoverView.m */,
				5D0B704C1A8D44CF008AF923 /* OAuthSignInView.h */,
				5D0B704D1A8D44CF008AF923 /* OAuthSignInView.m */,
			);
			name = ShareVC;
			sourceTree = "<group>";
		};
		5DDA3DD01A8685AC00FD085A /* TableView */ = {
			isa = PBXGroup;
			children = (
				5DDA3DC71A867F7E00FD085A /* ShareTableView.h */,
				5DDA3DC81A867F7E00FD085A /* ShareTableView.m */,
				5DDA3DCD1A8685A200FD085A /* ShareTableViewCell.h */,
				5DDA3DCE1A8685A200FD085A /* ShareTableViewCell.m */,
				5D9F58A31A8DCBA400A53BB7 /* OAuthWebView.h */,
				5D9F58A41A8DCBA400A53BB7 /* OAuthWebView.m */,
			);
			name = TableView;
			sourceTree = "<group>";
		};
		5DF7A6421A955FE8009BA5EE /* Fonts */ = {
			isa = PBXGroup;
			children = (
				5DFD4B8C1A970003002A2D19 /* SourceSansPro-Regular.otf */,
				5DFD4B8A1A96FE5D002A2D19 /* LillyBelle_2.ttf */,
				5DF7A6451A95650E009BA5EE /* LibreBaskerville-Bold.otf */,
				5DF7A6431A955FFC009BA5EE /* GreatVibes-Regular.otf */,
			);
			name = Fonts;
			sourceTree = "<group>";
		};
/* End PBXGroup section */

/* Begin PBXNativeTarget section */
		5DDA1B181A7F383C00914761 /* DailyDoll */ = {
			isa = PBXNativeTarget;
			buildConfigurationList = 5DDA1B3C1A7F383C00914761 /* Build configuration list for PBXNativeTarget "DailyDoll" */;
			buildPhases = (
				09E96242175C8A29A92A16F0 /* Check Pods Manifest.lock */,
				5DDA1B151A7F383C00914761 /* Sources */,
				5DDA1B161A7F383C00914761 /* Frameworks */,
				5DDA1B171A7F383C00914761 /* Resources */,
				54761223F37D4BA229105B7F /* Copy Pods Resources */,
				5D7F6B581A8A88D800A207CD /* Fabric Script */,
			);
			buildRules = (
			);
			dependencies = (
			);
			name = DailyDoll;
			productName = DailyDoll;
			productReference = 5DDA1B191A7F383C00914761 /* DailyDoll.app */;
			productType = "com.apple.product-type.application";
		};
		5DDA1B311A7F383C00914761 /* DailyDollTests */ = {
			isa = PBXNativeTarget;
			buildConfigurationList = 5DDA1B3F1A7F383C00914761 /* Build configuration list for PBXNativeTarget "DailyDollTests" */;
			buildPhases = (
				5DDA1B2E1A7F383C00914761 /* Sources */,
				5DDA1B2F1A7F383C00914761 /* Frameworks */,
				5DDA1B301A7F383C00914761 /* Resources */,
			);
			buildRules = (
			);
			dependencies = (
				5DDA1B341A7F383C00914761 /* PBXTargetDependency */,
			);
			name = DailyDollTests;
			productName = DailyDollTests;
			productReference = 5DDA1B321A7F383C00914761 /* DailyDollTests.xctest */;
			productType = "com.apple.product-type.bundle.unit-test";
		};
/* End PBXNativeTarget section */

/* Begin PBXProject section */
		5DDA1B111A7F383C00914761 /* Project object */ = {
			isa = PBXProject;
			attributes = {
				LastUpgradeCheck = 0610;
				ORGANIZATIONNAME = Richmond;
				TargetAttributes = {
					5DDA1B181A7F383C00914761 = {
						CreatedOnToolsVersion = 6.1.1;
						DevelopmentTeam = TB5YKEAJ2S;
					};
					5DDA1B311A7F383C00914761 = {
						CreatedOnToolsVersion = 6.1.1;
						TestTargetID = 5DDA1B181A7F383C00914761;
					};
				};
			};
			buildConfigurationList = 5DDA1B141A7F383C00914761 /* Build configuration list for PBXProject "DailyDoll" */;
			compatibilityVersion = "Xcode 3.2";
			developmentRegion = English;
			hasScannedForEncodings = 0;
			knownRegions = (
				en,
				Base,
				ar,
				ca,
				cs,
				da,
				de,
				el,
				en_AU,
				en_GB,
				es,
				es_MX,
				fi,
				fr,
				hr,
				hu,
				id,
				it,
				iw,
				ja,
				ko,
				ms,
				nb,
				nl,
				pl,
				pt,
				pt_PT,
				ro,
				ru,
				sk,
				sv,
				th,
				tr,
				uk,
				vi,
				zh_CN,
				zh_TW,
			);
			mainGroup = 5DDA1B101A7F383C00914761;
			productRefGroup = 5DDA1B1A1A7F383C00914761 /* Products */;
			projectDirPath = "";
			projectRoot = "";
			targets = (
				5DDA1B181A7F383C00914761 /* DailyDoll */,
				5DDA1B311A7F383C00914761 /* DailyDollTests */,
			);
		};
/* End PBXProject section */

/* Begin PBXResourcesBuildPhase section */
		5DDA1B171A7F383C00914761 /* Resources */ = {
			isa = PBXResourcesBuildPhase;
			buildActionMask = 2147483647;
			files = (
				5DC2F5561A85B49300ED1969 /* Theme.plist in Resources */,
				5DFD4B8B1A96FE5D002A2D19 /* LillyBelle_2.ttf in Resources */,
				5D9F59DB1A8E781D00A53BB7 /* README in Resources */,
				5D7F6B3F1A898EC600A207CD /* PinterestSDKResources.bundle in Resources */,
				5DDA3DAC1A85E67700FD085A /* ProjectVariables.plist in Resources */,
				5DF7A6461A95650E009BA5EE /* LibreBaskerville-Bold.otf in Resources */,
				5DFD4B8D1A970003002A2D19 /* SourceSansPro-Regular.otf in Resources */,
				5D6C98631A8D01AE00EB408E /* Themer.plist in Resources */,
				5D0EDAB61A830290007DE68D /* MenuItems.plist in Resources */,
				5DA64CD51A847A7A004F08A8 /* HeaderView.xib in Resources */,
				5DDA1B2D1A7F383C00914761 /* LaunchScreen.xib in Resources */,
				5DF7A6441A955FFC009BA5EE /* GreatVibes-Regular.otf in Resources */,
				5DDA3DBC1A86053200FD085A /* post.js in Resources */,
				5DDA3DB11A85F27F00FD085A /* webViewJS.js in Resources */,
				5D7F6B5D1A8A893800A207CD /* TwitterKitResources.bundle in Resources */,
				5D27CB631A91945E006958F3 /* MenuItemList.plist in Resources */,
				5DDA1B2A1A7F383C00914761 /* Images.xcassets in Resources */,
				5DADA6AB1AACEB1A005E4F2C /* Main.storyboard in Resources */,
				5D9F5A071A8E781D00A53BB7 /* GooglePlus.bundle in Resources */,
			);
			runOnlyForDeploymentPostprocessing = 0;
		};
		5DDA1B301A7F383C00914761 /* Resources */ = {
			isa = PBXResourcesBuildPhase;
			buildActionMask = 2147483647;
			files = (
			);
			runOnlyForDeploymentPostprocessing = 0;
		};
/* End PBXResourcesBuildPhase section */

/* Begin PBXShellScriptBuildPhase section */
		09E96242175C8A29A92A16F0 /* Check Pods Manifest.lock */ = {
			isa = PBXShellScriptBuildPhase;
			buildActionMask = 2147483647;
			files = (
			);
			inputPaths = (
			);
			name = "Check Pods Manifest.lock";
			outputPaths = (
			);
			runOnlyForDeploymentPostprocessing = 0;
			shellPath = /bin/sh;
			shellScript = "diff \"${PODS_ROOT}/../Podfile.lock\" \"${PODS_ROOT}/Manifest.lock\" > /dev/null\nif [[ $? != 0 ]] ; then\n    cat << EOM\nerror: The sandbox is not in sync with the Podfile.lock. Run 'pod install' or update your CocoaPods installation.\nEOM\n    exit 1\nfi\n";
			showEnvVarsInLog = 0;
		};
		54761223F37D4BA229105B7F /* Copy Pods Resources */ = {
			isa = PBXShellScriptBuildPhase;
			buildActionMask = 2147483647;
			files = (
			);
			inputPaths = (
			);
			name = "Copy Pods Resources";
			outputPaths = (
			);
			runOnlyForDeploymentPostprocessing = 0;
			shellPath = /bin/sh;
			shellScript = "\"${SRCROOT}/Pods/Target Support Files/Pods-DailyDoll/Pods-DailyDoll-resources.sh\"\n";
			showEnvVarsInLog = 0;
		};
		5D7F6B581A8A88D800A207CD /* Fabric Script */ = {
			isa = PBXShellScriptBuildPhase;
			buildActionMask = 2147483647;
			files = (
			);
			inputPaths = (
			);
			name = "Fabric Script";
			outputPaths = (
			);
			runOnlyForDeploymentPostprocessing = 0;
			shellPath = /bin/sh;
			shellScript = "./Fabric.framework/run b2fa13da961943ada093ca86282c0717d8d6c662 7cad0ab1a6f39490fc1b7a2086c4b18cd46eab09c11125e6b936de9bc4dd93ee";
		};
/* End PBXShellScriptBuildPhase section */

/* Begin PBXSourcesBuildPhase section */
		5DDA1B151A7F383C00914761 /* Sources */ = {
			isa = PBXSourcesBuildPhase;
			buildActionMask = 2147483647;
			files = (
				5D9C594E1AA8D06F00E73EF3 /* BATableViewCell.m in Sources */,
				5DFD4BA51A97FD9E002A2D19 /* MetaData.m in Sources */,
				5D0B704E1A8D44CF008AF923 /* OAuthSignInView.m in Sources */,
				5D0EDAB41A830196007DE68D /* SideMenuViewController.m in Sources */,
				5D27CB6F1A91A248006958F3 /* MenuItem.m in Sources */,
				5D1754DE1AA87C94003A66D1 /* DetailNavigationBar.m in Sources */,
				5D6C98661A8D059700EB408E /* ThemeContainer.m in Sources */,
				5DADA6A51AAB6607005E4F2C /* BAView.m in Sources */,
				5DDA3D9B1A85CC0500FD085A /* SideMenuTableSectionLabel.m in Sources */,
				5DB59E701AA7B4F900567D59 /* Notification.m in Sources */,
				5DFD4BA81A980705002A2D19 /* AccessoryPagesView.m in Sources */,
				5D86005C1A87C45A00AA8971 /* SocialSharePopoverView.m in Sources */,
				5DADA6A21AAB56D0005E4F2C /* NotificationWebViewHeader.m in Sources */,
				5D1754D41AA86F7E003A66D1 /* NotificationViewController.m in Sources */,
				5DDA3DA51A85D39500FD085A /* ProjectSettings.m in Sources */,
				5D0F177E1A86A1FC00AAE285 /* SocialSharingActionController.m in Sources */,
				5D1754DA1AA8714F003A66D1 /* NotificationTableView.m in Sources */,
				5D6C98591A8C5D8000EB408E /* Button.m in Sources */,
				5D27CB751A91B65B006958F3 /* CenterShareView.m in Sources */,
				5D9C594B1AA8CFF400E73EF3 /* NotificationTableViewCell.m in Sources */,
				5DC2F55E1A85BF8000ED1969 /* SideMenuHeaderImageView.m in Sources */,
				5DADA6AF1AACFE0C005E4F2C /* NotificationView.m in Sources */,
				5D9F58A51A8DCBA400A53BB7 /* OAuthWebView.m in Sources */,
				5D6C98691A8D059700EB408E /* ThemeItem.m in Sources */,
				5DDA3D981A85CA8A00FD085A /* SideMenuTableSectionHeader.m in Sources */,
				5DA4B98D1A7F3B2D0016476C /* ExternalWebModalViewController.m in Sources */,
				5D80527D1A83315C0076A6E8 /* UIColor+UIColor_Expanded.m in Sources */,
				5D8052801A8331FD0076A6E8 /* SideMenuTableViewCell.m in Sources */,
				5DBD74F61AA2646900713D4D /* PushRequestViewController.m in Sources */,
				5DDE241F1AA40968001CE1AD /* DetailViewController.m in Sources */,
				5DC2F55B1A85BBEF00ED1969 /* SideMenuTableHeaderView.m in Sources */,
				5DDA3DAF1A85EE4900FD085A /* CenterVCActivityIndicator.m in Sources */,
				5DDA3DC31A86714400FD085A /* ShareViewController.m in Sources */,
				5D6C985F1A8C636500EB408E /* SocialItem.m in Sources */,
				5D9C59571AA8E6E100E73EF3 /* NotificationWebView.m in Sources */,
				5D6C98561A8C5D8000EB408E /* SocialContainer.m in Sources */,
				5DDA3DC61A86777800FD085A /* ShareView.m in Sources */,
				5DDA1B251A7F383C00914761 /* CenterViewController.m in Sources */,
				5DDA1B221A7F383C00914761 /* AppDelegate.m in Sources */,
				5DADA6A91AACDE76005E4F2C /* BASocialShareViewController.m in Sources */,
				5DDA1B1F1A7F383C00914761 /* main.m in Sources */,
				5DDA3DCF1A8685A200FD085A /* ShareTableViewCell.m in Sources */,
				5D6C985C1A8C5D8000EB408E /* ProjectVariable.m in Sources */,
				5DBD75031AA26F0400713D4D /* UIView+Additions.m in Sources */,
				5D27CB721A91A248006958F3 /* MenuHeader.m in Sources */,
				5DDA3DB51A85F4F700FD085A /* BlurActivityOverlay.m in Sources */,
				5DC2F5541A85AECD00ED1969 /* DDViewController.m in Sources */,
				5DAB92251A92C82E006D3D4F /* SocialShareMethods.m in Sources */,
				5D27CB6C1A91A247006958F3 /* MenuContainer.m in Sources */,
				5DDA3DCC1A8681EF00FD085A /* ProjectSettingsKeys.m in Sources */,
				5DFD4BA21A97FD9D002A2D19 /* AccessoryPage.m in Sources */,
				5DDA3DC91A867F7E00FD085A /* ShareTableView.m in Sources */,
				5D62FD681A8AF1680022671F /* DataModel.xcdatamodeld in Sources */,
				5DC2F5511A85A91A00ED1969 /* SideMenuTableView.m in Sources */,
				5DDA3DB81A85FDFE00FD085A /* CenterVCTitleLabel.m in Sources */,
			);
			runOnlyForDeploymentPostprocessing = 0;
		};
		5DDA1B2E1A7F383C00914761 /* Sources */ = {
			isa = PBXSourcesBuildPhase;
			buildActionMask = 2147483647;
			files = (
				5DDA1B391A7F383C00914761 /* DailyDollTests.m in Sources */,
			);
			runOnlyForDeploymentPostprocessing = 0;
		};
/* End PBXSourcesBuildPhase section */

/* Begin PBXTargetDependency section */
		5DDA1B341A7F383C00914761 /* PBXTargetDependency */ = {
			isa = PBXTargetDependency;
			target = 5DDA1B181A7F383C00914761 /* DailyDoll */;
			targetProxy = 5DDA1B331A7F383C00914761 /* PBXContainerItemProxy */;
		};
/* End PBXTargetDependency section */

/* Begin PBXVariantGroup section */
		5DDA1B2B1A7F383C00914761 /* LaunchScreen.xib */ = {
			isa = PBXVariantGroup;
			children = (
				5DDA1B2C1A7F383C00914761 /* Base */,
			);
			name = LaunchScreen.xib;
			sourceTree = "<group>";
		};
/* End PBXVariantGroup section */

/* Begin XCBuildConfiguration section */
		5DDA1B3A1A7F383C00914761 /* Debug */ = {
			isa = XCBuildConfiguration;
			buildSettings = {
				ALWAYS_SEARCH_USER_PATHS = NO;
				CLANG_CXX_LANGUAGE_STANDARD = "gnu++0x";
				CLANG_CXX_LIBRARY = "libc++";
				CLANG_ENABLE_MODULES = YES;
				CLANG_ENABLE_OBJC_ARC = YES;
				CLANG_WARN_BOOL_CONVERSION = YES;
				CLANG_WARN_CONSTANT_CONVERSION = YES;
				CLANG_WARN_DIRECT_OBJC_ISA_USAGE = YES_ERROR;
				CLANG_WARN_EMPTY_BODY = YES;
				CLANG_WARN_ENUM_CONVERSION = YES;
				CLANG_WARN_INT_CONVERSION = YES;
				CLANG_WARN_OBJC_ROOT_CLASS = YES_ERROR;
				CLANG_WARN_UNREACHABLE_CODE = YES;
				CLANG_WARN__DUPLICATE_METHOD_MATCH = YES;
				CODE_SIGN_IDENTITY = "iPhone Developer";
				"CODE_SIGN_IDENTITY[sdk=iphoneos*]" = "iPhone Developer";
				COPY_PHASE_STRIP = NO;
				ENABLE_STRICT_OBJC_MSGSEND = YES;
				GCC_C_LANGUAGE_STANDARD = gnu99;
				GCC_DYNAMIC_NO_PIC = NO;
				GCC_OPTIMIZATION_LEVEL = 0;
				GCC_PREPROCESSOR_DEFINITIONS = (
					"DEBUG=1",
					"$(inherited)",
				);
				GCC_SYMBOLS_PRIVATE_EXTERN = NO;
				GCC_WARN_64_TO_32_BIT_CONVERSION = YES;
				GCC_WARN_ABOUT_RETURN_TYPE = YES_ERROR;
				GCC_WARN_UNDECLARED_SELECTOR = YES;
				GCC_WARN_UNINITIALIZED_AUTOS = YES_AGGRESSIVE;
				GCC_WARN_UNUSED_FUNCTION = YES;
				GCC_WARN_UNUSED_VARIABLE = YES;
				IPHONEOS_DEPLOYMENT_TARGET = 8.1;
				MTL_ENABLE_DEBUG_INFO = YES;
				ONLY_ACTIVE_ARCH = YES;
				PROVISIONING_PROFILE = "";
				SDKROOT = iphoneos;
			};
			name = Debug;
		};
		5DDA1B3B1A7F383C00914761 /* Release */ = {
			isa = XCBuildConfiguration;
			buildSettings = {
				ALWAYS_SEARCH_USER_PATHS = NO;
				CLANG_CXX_LANGUAGE_STANDARD = "gnu++0x";
				CLANG_CXX_LIBRARY = "libc++";
				CLANG_ENABLE_MODULES = YES;
				CLANG_ENABLE_OBJC_ARC = YES;
				CLANG_WARN_BOOL_CONVERSION = YES;
				CLANG_WARN_CONSTANT_CONVERSION = YES;
				CLANG_WARN_DIRECT_OBJC_ISA_USAGE = YES_ERROR;
				CLANG_WARN_EMPTY_BODY = YES;
				CLANG_WARN_ENUM_CONVERSION = YES;
				CLANG_WARN_INT_CONVERSION = YES;
				CLANG_WARN_OBJC_ROOT_CLASS = YES_ERROR;
				CLANG_WARN_UNREACHABLE_CODE = YES;
				CLANG_WARN__DUPLICATE_METHOD_MATCH = YES;
				CODE_SIGN_IDENTITY = "iPhone Developer";
				"CODE_SIGN_IDENTITY[sdk=iphoneos*]" = "iPhone Developer";
				COPY_PHASE_STRIP = YES;
				ENABLE_NS_ASSERTIONS = NO;
				ENABLE_STRICT_OBJC_MSGSEND = YES;
				GCC_C_LANGUAGE_STANDARD = gnu99;
				GCC_WARN_64_TO_32_BIT_CONVERSION = YES;
				GCC_WARN_ABOUT_RETURN_TYPE = YES_ERROR;
				GCC_WARN_UNDECLARED_SELECTOR = YES;
				GCC_WARN_UNINITIALIZED_AUTOS = YES_AGGRESSIVE;
				GCC_WARN_UNUSED_FUNCTION = YES;
				GCC_WARN_UNUSED_VARIABLE = YES;
				IPHONEOS_DEPLOYMENT_TARGET = 8.1;
				MTL_ENABLE_DEBUG_INFO = NO;
				PROVISIONING_PROFILE = "";
				SDKROOT = iphoneos;
				VALIDATE_PRODUCT = YES;
			};
			name = Release;
		};
		5DDA1B3D1A7F383C00914761 /* Debug */ = {
			isa = XCBuildConfiguration;
			baseConfigurationReference = 680B8C91B0508131C24B223C /* Pods-DailyDoll.debug.xcconfig */;
			buildSettings = {
				ASSETCATALOG_COMPILER_APPICON_NAME = AppIcon;
				CODE_SIGN_IDENTITY = "iPhone Developer";
				"CODE_SIGN_IDENTITY[sdk=iphoneos*]" = "iPhone Developer";
				FRAMEWORK_SEARCH_PATHS = (
					"$(inherited)",
					"$(PROJECT_DIR)/Pinterest.embeddedframework",
					"$(PROJECT_DIR)",
					"$(PROJECT_DIR)/DailyDoll",
				);
				GCC_PRECOMPILE_PREFIX_HEADER = NO;
				GCC_PREFIX_HEADER = "";
				INFOPLIST_FILE = DailyDoll/Info.plist;
				LD_RUNPATH_SEARCH_PATHS = "$(inherited) @executable_path/Frameworks";
				PRODUCT_NAME = "$(TARGET_NAME)";
				PROVISIONING_PROFILE = "";
				TARGETED_DEVICE_FAMILY = "1,2";
			};
			name = Debug;
		};
		5DDA1B3E1A7F383C00914761 /* Release */ = {
			isa = XCBuildConfiguration;
			baseConfigurationReference = AA7FAADA7B793178F851DF47 /* Pods-DailyDoll.release.xcconfig */;
			buildSettings = {
				ASSETCATALOG_COMPILER_APPICON_NAME = AppIcon;
				CODE_SIGN_IDENTITY = "iPhone Developer";
				"CODE_SIGN_IDENTITY[sdk=iphoneos*]" = "iPhone Developer";
				FRAMEWORK_SEARCH_PATHS = (
					"$(inherited)",
					"$(PROJECT_DIR)/Pinterest.embeddedframework",
					"$(PROJECT_DIR)",
					"$(PROJECT_DIR)/DailyDoll",
				);
				GCC_PRECOMPILE_PREFIX_HEADER = NO;
				GCC_PREFIX_HEADER = "";
				INFOPLIST_FILE = DailyDoll/Info.plist;
				LD_RUNPATH_SEARCH_PATHS = "$(inherited) @executable_path/Frameworks";
				PRODUCT_NAME = "$(TARGET_NAME)";
				PROVISIONING_PROFILE = "";
				TARGETED_DEVICE_FAMILY = "1,2";
			};
			name = Release;
		};
		5DDA1B401A7F383C00914761 /* Debug */ = {
			isa = XCBuildConfiguration;
			buildSettings = {
				BUNDLE_LOADER = "$(TEST_HOST)";
				CODE_SIGN_IDENTITY = "iPhone Developer";
				FRAMEWORK_SEARCH_PATHS = (
					"$(SDKROOT)/Developer/Library/Frameworks",
					"$(inherited)",
				);
				GCC_PREPROCESSOR_DEFINITIONS = (
					"DEBUG=1",
					"$(inherited)",
				);
				INFOPLIST_FILE = DailyDollTests/Info.plist;
				LD_RUNPATH_SEARCH_PATHS = "$(inherited) @executable_path/Frameworks @loader_path/Frameworks";
				PRODUCT_NAME = "$(TARGET_NAME)";
				PROVISIONING_PROFILE = "";
				TEST_HOST = "$(BUILT_PRODUCTS_DIR)/DailyDoll.app/DailyDoll";
			};
			name = Debug;
		};
		5DDA1B411A7F383C00914761 /* Release */ = {
			isa = XCBuildConfiguration;
			buildSettings = {
				BUNDLE_LOADER = "$(TEST_HOST)";
				CODE_SIGN_IDENTITY = "iPhone Developer";
				FRAMEWORK_SEARCH_PATHS = (
					"$(SDKROOT)/Developer/Library/Frameworks",
					"$(inherited)",
				);
				INFOPLIST_FILE = DailyDollTests/Info.plist;
				LD_RUNPATH_SEARCH_PATHS = "$(inherited) @executable_path/Frameworks @loader_path/Frameworks";
				PRODUCT_NAME = "$(TARGET_NAME)";
				PROVISIONING_PROFILE = "";
				TEST_HOST = "$(BUILT_PRODUCTS_DIR)/DailyDoll.app/DailyDoll";
			};
			name = Release;
		};
/* End XCBuildConfiguration section */

/* Begin XCConfigurationList section */
		5DDA1B141A7F383C00914761 /* Build configuration list for PBXProject "DailyDoll" */ = {
			isa = XCConfigurationList;
			buildConfigurations = (
				5DDA1B3A1A7F383C00914761 /* Debug */,
				5DDA1B3B1A7F383C00914761 /* Release */,
			);
			defaultConfigurationIsVisible = 0;
			defaultConfigurationName = Release;
		};
		5DDA1B3C1A7F383C00914761 /* Build configuration list for PBXNativeTarget "DailyDoll" */ = {
			isa = XCConfigurationList;
			buildConfigurations = (
				5DDA1B3D1A7F383C00914761 /* Debug */,
				5DDA1B3E1A7F383C00914761 /* Release */,
			);
			defaultConfigurationIsVisible = 0;
			defaultConfigurationName = Release;
		};
		5DDA1B3F1A7F383C00914761 /* Build configuration list for PBXNativeTarget "DailyDollTests" */ = {
			isa = XCConfigurationList;
			buildConfigurations = (
				5DDA1B401A7F383C00914761 /* Debug */,
				5DDA1B411A7F383C00914761 /* Release */,
			);
			defaultConfigurationIsVisible = 0;
			defaultConfigurationName = Release;
		};
/* End XCConfigurationList section */

/* Begin XCVersionGroup section */
		5D62FD661A8AF1680022671F /* DataModel.xcdatamodeld */ = {
			isa = XCVersionGroup;
			children = (
				5D62FD671A8AF1680022671F /* DataModel.xcdatamodel */,
			);
			currentVersion = 5D62FD671A8AF1680022671F /* DataModel.xcdatamodel */;
			name = DataModel.xcdatamodeld;
			path = ../DataModel.xcdatamodeld;
			sourceTree = "<group>";
			versionGroupType = wrapper.xcdatamodel;
		};
/* End XCVersionGroup section */
	};
	rootObject = 5DDA1B111A7F383C00914761 /* Project object */;
}
